// !$*UTF8*$!
{
	archiveVersion = 1;
	classes = {
	};
	objectVersion = 46;
	objects = {

/* Begin PBXBuildFile section */
		964A4C261BE5B14E001C854A /* main.cpp in Sources */ = {isa = PBXBuildFile; fileRef = 964A4C251BE5B14E001C854A /* main.cpp */; };
/* End PBXBuildFile section */

/* Begin PBXCopyFilesBuildPhase section */
		964A4C201BE5B14E001C854A /* CopyFiles */ = {
			isa = PBXCopyFilesBuildPhase;
			buildActionMask = 2147483647;
			dstPath = /usr/share/man/man1/;
			dstSubfolderSpec = 0;
			files = (
			);
			runOnlyForDeploymentPostprocessing = 1;
		};
/* End PBXCopyFilesBuildPhase section */

/* Begin PBXFileReference section */
		964A4C221BE5B14E001C854A /* Bitwise_AND_of_Numbers_Range */ = {isa = PBXFileReference; explicitFileType = "compiled.mach-o.executable"; includeInIndex = 0; path = Bitwise_AND_of_Numbers_Range; sourceTree = BUILT_PRODUCTS_DIR; };
		964A4C251BE5B14E001C854A /* main.cpp */ = {isa = PBXFileReference; lastKnownFileType = sourcecode.cpp.cpp; path = main.cpp; sourceTree = "<group>"; };
		964A4C2C1BE5B158001C854A /* solution.h */ = {isa = PBXFileReference; fileEncoding = 4; lastKnownFileType = sourcecode.c.h; path = solution.h; sourceTree = "<group>"; };
/* End PBXFileReference section */

/* Begin PBXFrameworksBuildPhase section */
		964A4C1F1BE5B14E001C854A /* Frameworks */ = {
			isa = PBXFrameworksBuildPhase;
			buildActionMask = 2147483647;
			files = (
			);
			runOnlyForDeploymentPostprocessing = 0;
		};
/* End PBXFrameworksBuildPhase section */

/* Begin PBXGroup section */
		964A4C191BE5B14E001C854A = {
			isa = PBXGroup;
			children = (
				964A4C241BE5B14E001C854A /* Bitwise_AND_of_Numbers_Range */,
				964A4C231BE5B14E001C854A /* Products */,
			);
			sourceTree = "<group>";
		};
		964A4C231BE5B14E001C854A /* Products */ = {
			isa = PBXGroup;
			children = (
				964A4C221BE5B14E001C854A /* Bitwise_AND_of_Numbers_Range */,
			);
			name = Products;
			sourceTree = "<group>";
		};
		964A4C241BE5B14E001C854A /* Bitwise_AND_of_Numbers_Range */ = {
			isa = PBXGroup;
			children = (
				964A4C251BE5B14E001C854A /* main.cpp */,
				964A4C2C1BE5B158001C854A /* solution.h */,
			);
			path = Bitwise_AND_of_Numbers_Range;
			sourceTree = "<group>";
		};
/* End PBXGroup section */

/* Begin PBXNativeTarget section */
		964A4C211BE5B14E001C854A /* Bitwise_AND_of_Numbers_Range */ = {
			isa = PBXNativeTarget;
			buildConfigurationList = 964A4C291BE5B14E001C854A /* Build configuration list for PBXNativeTarget "Bitwise_AND_of_Numbers_Range" */;
			buildPhases = (
				964A4C1E1BE5B14E001C854A /* Sources */,
				964A4C1F1BE5B14E001C854A /* Frameworks */,
				964A4C201BE5B14E001C854A /* CopyFiles */,
			);
			buildRules = (
			);
			dependencies = (
			);
			name = Bitwise_AND_of_Numbers_Range;
			productName = Bitwise_AND_of_Numbers_Range;
			productReference = 964A4C221BE5B14E001C854A /* Bitwise_AND_of_Numbers_Range */;
			productType = "com.apple.product-type.tool";
		};
/* End PBXNativeTarget section */

/* Begin PBXProject section */
		964A4C1A1BE5B14E001C854A /* Project object */ = {
			isa = PBXProject;
			attributes = {
				LastUpgradeCheck = 0710;
				ORGANIZATIONNAME = "中央政治局常委";
				TargetAttributes = {
					964A4C211BE5B14E001C854A = {
						CreatedOnToolsVersion = 7.1;
					};
				};
			};
			buildConfigurationList = 964A4C1D1BE5B14E001C854A /* Build configuration list for PBXProject "Bitwise_AND_of_Numbers_Range" */;
			compatibilityVersion = "Xcode 3.2";
			developmentRegion = English;
			hasScannedForEncodings = 0;
			knownRegions = (
				en,
			);
			mainGroup = 964A4C191BE5B14E001C854A;
			productRefGroup = 964A4C231BE5B14E001C854A /* Products */;
			projectDirPath = "";
			projectRoot = "";
			targets = (
				964A4C211BE5B14E001C854A /* Bitwise_AND_of_Numbers_Range */,
			);
		};
/* End PBXProject section */

/* Begin PBXSourcesBuildPhase section */
		964A4C1E1BE5B14E001C854A /* Sources */ = {
			isa = PBXSourcesBuildPhase;
			buildActionMask = 2147483647;
			files = (
				964A4C261BE5B14E001C854A /* main.cpp in Sources */,
			);
			runOnlyForDeploymentPostprocessing = 0;
		};
/* End PBXSourcesBuildPhase section */

/* Begin XCBuildConfiguration section */
		964A4C271BE5B14E001C854A /* Debug */ = {
			isa = XCBuildConfiguration;
			buildSettings = {
				ALWAYS_SEARCH_USER_PATHS = NO;
				CLANG_CXX_LANGUAGE_STANDARD = "gnu++0x";
				CLANG_CXX_LIBRARY = "libc++";
				CLANG_ENABLE_MODULES = YES;
				CLANG_ENABLE_OBJC_ARC = YES;
				CLANG_WARN_BOOL_CONVERSION = YES;
				CLANG_WARN_CONSTANT_CONVERSION = YES;
				CLANG_WARN_DIRECT_OBJC_ISA_USAGE = YES_ERROR;
				CLANG_WARN_EMPTY_BODY = YES;
				CLANG_WARN_ENUM_CONVERSION = YES;
				CLANG_WARN_INT_CONVERSION = YES;
				CLANG_WARN_OBJC_ROOT_CLASS = YES_ERROR;
				CLANG_WARN_UNREACHABLE_CODE = YES;
				CLANG_WARN__DUPLICATE_METHOD_MATCH = YES;
				CODE_SIGN_IDENTITY = "-";
				COPY_PHASE_STRIP = NO;
				DEBUG_INFORMATION_FORMAT = dwarf;
				ENABLE_STRICT_OBJC_MSGSEND = YES;
				ENABLE_TESTABILITY = YES;
				GCC_C_LANGUAGE_STANDARD = gnu99;
				GCC_DYNAMIC_NO_PIC = NO;
				GCC_NO_COMMON_BLOCKS = YES;
				GCC_OPTIMIZATION_LEVEL = 0;
				GCC_PREPROCESSOR_DEFINITIONS = (
					"DEBUG=1",
					"$(inherited)",
				);
				GCC_WARN_64_TO_32_BIT_CONVERSION = YES;
				GCC_WARN_ABOUT_RETURN_TYPE = YES_ERROR;
				GCC_WARN_UNDECLARED_SELECTOR = YES;
				GCC_WARN_UNINITIALIZED_AUTOS = YES_AGGRESSIVE;
				GCC_WARN_UNUSED_FUNCTION = YES;
				GCC_WARN_UNUSED_VARIABLE = YES;
				MACOSX_DEPLOYMENT_TARGET = 10.11;
				MTL_ENABLE_DEBUG_INFO = YES;
				ONLY_ACTIVE_ARCH = YES;
				SDKROOT = macosx;
			};
			name = Debug;
		};
		964A4C281BE5B14E001C854A /* Release */ = {
			isa = XCBuildConfiguration;
			buildSettings = {
				ALWAYS_SEARCH_USER_PATHS = NO;
				CLANG_CXX_LANGUAGE_STANDARD = "gnu++0x";
				CLANG_CXX_LIBRARY = "libc++";
				CLANG_ENABLE_MODULES = YES;
				CLANG_ENABLE_OBJC_ARC = YES;
				CLANG_WARN_BOOL_CONVERSION = YES;
				CLANG_WARN_CONSTANT_CONVERSION = YES;
				CLANG_WARN_DIRECT_OBJC_ISA_USAGE = YES_ERROR;
				CLANG_WARN_EMPTY_BODY = YES;
				CLANG_WARN_ENUM_CONVERSION = YES;
				CLANG_WARN_INT_CONVERSION = YES;
				CLANG_WARN_OBJC_ROOT_CLASS = YES_ERROR;
				CLANG_WARN_UNREACHABLE_CODE = YES;
				CLANG_WARN__DUPLICATE_METHOD_MATCH = YES;
				CODE_SIGN_IDENTITY = "-";
				COPY_PHASE_STRIP = NO;
				DEBUG_INFORMATION_FORMAT = "dwarf-with-dsym";
				ENABLE_NS_ASSERTIONS = NO;
				ENABLE_STRICT_OBJC_MSGSEND = YES;
				GCC_C_LANGUAGE_STANDARD = gnu99;
				GCC_NO_COMMON_BLOCKS = YES;
				GCC_WARN_64_TO_32_BIT_CONVERSION = YES;
				GCC_WARN_ABOUT_RETURN_TYPE = YES_ERROR;
				GCC_WARN_UNDECLARED_SELECTOR = YES;
				GCC_WARN_UNINITIALIZED_AUTOS = YES_AGGRESSIVE;
				GCC_WARN_UNUSED_FUNCTION = YES;
				GCC_WARN_UNUSED_VARIABLE = YES;
				MACOSX_DEPLOYMENT_TARGET = 10.11;
				MTL_ENABLE_DEBUG_INFO = NO;
				SDKROOT = macosx;
			};
			name = Release;
		};
		964A4C2A1BE5B14E001C854A /* Debug */ = {
			isa = XCBuildConfiguration;
			buildSettings = {
				PRODUCT_NAME = "$(TARGET_NAME)";
			};
			name = Debug;
		};
		964A4C2B1BE5B14E001C854A /* Release */ = {
			isa = XCBuildConfiguration;
			buildSettings = {
				PRODUCT_NAME = "$(TARGET_NAME)";
			};
			name = Release;
		};
/* End XCBuildConfiguration section */

/* Begin XCConfigurationList section */
		964A4C1D1BE5B14E001C854A /* Build configuration list for PBXProject "Bitwise_AND_of_Numbers_Range" */ = {
			isa = XCConfigurationList;
			buildConfigurations = (
				964A4C271BE5B14E001C854A /* Debug */,
				964A4C281BE5B14E001C854A /* Release */,
			);
			defaultConfigurationIsVisible = 0;
			defaultConfigurationName = Release;
		};
		964A4C291BE5B14E001C854A /* Build configuration list for PBXNativeTarget "Bitwise_AND_of_Numbers_Range" */ = {
			isa = XCConfigurationList;
			buildConfigurations = (
				964A4C2A1BE5B14E001C854A /* Debug */,
				964A4C2B1BE5B14E001C854A /* Release */,
			);
			defaultConfigurationIsVisible = 0;
		};
/* End XCConfigurationList section */
	};
	rootObject = 964A4C1A1BE5B14E001C854A /* Project object */;
}
