// !$*UTF8*$!
{
	archiveVersion = 1;
	classes = {
	};
	objectVersion = 46;
	objects = {

/* Begin PBXBuildFile section */
		965E0ACE1BDE767700866AE2 /* main.cpp in Sources */ = {isa = PBXBuildFile; fileRef = 965E0ACD1BDE767700866AE2 /* main.cpp */; };
/* End PBXBuildFile section */

/* Begin PBXCopyFilesBuildPhase section */
		965E0AC81BDE767700866AE2 /* CopyFiles */ = {
			isa = PBXCopyFilesBuildPhase;
			buildActionMask = 2147483647;
			dstPath = /usr/share/man/man1/;
			dstSubfolderSpec = 0;
			files = (
			);
			runOnlyForDeploymentPostprocessing = 1;
		};
/* End PBXCopyFilesBuildPhase section */

/* Begin PBXFileReference section */
		965E0ACA1BDE767700866AE2 /* Set_Matrix_Zeroes */ = {isa = PBXFileReference; explicitFileType = "compiled.mach-o.executable"; includeInIndex = 0; path = Set_Matrix_Zeroes; sourceTree = BUILT_PRODUCTS_DIR; };
		965E0ACD1BDE767700866AE2 /* main.cpp */ = {isa = PBXFileReference; lastKnownFileType = sourcecode.cpp.cpp; path = main.cpp; sourceTree = "<group>"; };
		965E0AD41BDE768000866AE2 /* solution.h */ = {isa = PBXFileReference; fileEncoding = 4; lastKnownFileType = sourcecode.c.h; path = solution.h; sourceTree = "<group>"; };
/* End PBXFileReference section */

/* Begin PBXFrameworksBuildPhase section */
		965E0AC71BDE767700866AE2 /* Frameworks */ = {
			isa = PBXFrameworksBuildPhase;
			buildActionMask = 2147483647;
			files = (
			);
			runOnlyForDeploymentPostprocessing = 0;
		};
/* End PBXFrameworksBuildPhase section */

/* Begin PBXGroup section */
		965E0AC11BDE767700866AE2 = {
			isa = PBXGroup;
			children = (
				965E0ACC1BDE767700866AE2 /* Set_Matrix_Zeroes */,
				965E0ACB1BDE767700866AE2 /* Products */,
			);
			sourceTree = "<group>";
		};
		965E0ACB1BDE767700866AE2 /* Products */ = {
			isa = PBXGroup;
			children = (
				965E0ACA1BDE767700866AE2 /* Set_Matrix_Zeroes */,
			);
			name = Products;
			sourceTree = "<group>";
		};
		965E0ACC1BDE767700866AE2 /* Set_Matrix_Zeroes */ = {
			isa = PBXGroup;
			children = (
				965E0ACD1BDE767700866AE2 /* main.cpp */,
				965E0AD41BDE768000866AE2 /* solution.h */,
			);
			path = Set_Matrix_Zeroes;
			sourceTree = "<group>";
		};
/* End PBXGroup section */

/* Begin PBXNativeTarget section */
		965E0AC91BDE767700866AE2 /* Set_Matrix_Zeroes */ = {
			isa = PBXNativeTarget;
			buildConfigurationList = 965E0AD11BDE767700866AE2 /* Build configuration list for PBXNativeTarget "Set_Matrix_Zeroes" */;
			buildPhases = (
				965E0AC61BDE767700866AE2 /* Sources */,
				965E0AC71BDE767700866AE2 /* Frameworks */,
				965E0AC81BDE767700866AE2 /* CopyFiles */,
			);
			buildRules = (
			);
			dependencies = (
			);
			name = Set_Matrix_Zeroes;
			productName = Set_Matrix_Zeroes;
			productReference = 965E0ACA1BDE767700866AE2 /* Set_Matrix_Zeroes */;
			productType = "com.apple.product-type.tool";
		};
/* End PBXNativeTarget section */

/* Begin PBXProject section */
		965E0AC21BDE767700866AE2 /* Project object */ = {
			isa = PBXProject;
			attributes = {
				LastUpgradeCheck = 0700;
				ORGANIZATIONNAME = "中央政治局常委";
				TargetAttributes = {
					965E0AC91BDE767700866AE2 = {
						CreatedOnToolsVersion = 7.0;
					};
				};
			};
			buildConfigurationList = 965E0AC51BDE767700866AE2 /* Build configuration list for PBXProject "Set_Matrix_Zeroes" */;
			compatibilityVersion = "Xcode 3.2";
			developmentRegion = English;
			hasScannedForEncodings = 0;
			knownRegions = (
				en,
			);
			mainGroup = 965E0AC11BDE767700866AE2;
			productRefGroup = 965E0ACB1BDE767700866AE2 /* Products */;
			projectDirPath = "";
			projectRoot = "";
			targets = (
				965E0AC91BDE767700866AE2 /* Set_Matrix_Zeroes */,
			);
		};
/* End PBXProject section */

/* Begin PBXSourcesBuildPhase section */
		965E0AC61BDE767700866AE2 /* Sources */ = {
			isa = PBXSourcesBuildPhase;
			buildActionMask = 2147483647;
			files = (
				965E0ACE1BDE767700866AE2 /* main.cpp in Sources */,
			);
			runOnlyForDeploymentPostprocessing = 0;
		};
/* End PBXSourcesBuildPhase section */

/* Begin XCBuildConfiguration section */
		965E0ACF1BDE767700866AE2 /* Debug */ = {
			isa = XCBuildConfiguration;
			buildSettings = {
				ALWAYS_SEARCH_USER_PATHS = NO;
				CLANG_CXX_LANGUAGE_STANDARD = "gnu++0x";
				CLANG_CXX_LIBRARY = "libc++";
				CLANG_ENABLE_MODULES = YES;
				CLANG_ENABLE_OBJC_ARC = YES;
				CLANG_WARN_BOOL_CONVERSION = YES;
				CLANG_WARN_CONSTANT_CONVERSION = YES;
				CLANG_WARN_DIRECT_OBJC_ISA_USAGE = YES_ERROR;
				CLANG_WARN_EMPTY_BODY = YES;
				CLANG_WARN_ENUM_CONVERSION = YES;
				CLANG_WARN_INT_CONVERSION = YES;
				CLANG_WARN_OBJC_ROOT_CLASS = YES_ERROR;
				CLANG_WARN_UNREACHABLE_CODE = YES;
				CLANG_WARN__DUPLICATE_METHOD_MATCH = YES;
				COPY_PHASE_STRIP = NO;
				DEBUG_INFORMATION_FORMAT = dwarf;
				ENABLE_STRICT_OBJC_MSGSEND = YES;
				ENABLE_TESTABILITY = YES;
				GCC_C_LANGUAGE_STANDARD = gnu99;
				GCC_DYNAMIC_NO_PIC = NO;
				GCC_NO_COMMON_BLOCKS = YES;
				GCC_OPTIMIZATION_LEVEL = 0;
				GCC_PREPROCESSOR_DEFINITIONS = (
					"DEBUG=1",
					"$(inherited)",
				);
				GCC_WARN_64_TO_32_BIT_CONVERSION = YES;
				GCC_WARN_ABOUT_RETURN_TYPE = YES_ERROR;
				GCC_WARN_UNDECLARED_SELECTOR = YES;
				GCC_WARN_UNINITIALIZED_AUTOS = YES_AGGRESSIVE;
				GCC_WARN_UNUSED_FUNCTION = YES;
				GCC_WARN_UNUSED_VARIABLE = YES;
				MACOSX_DEPLOYMENT_TARGET = 10.11;
				MTL_ENABLE_DEBUG_INFO = YES;
				ONLY_ACTIVE_ARCH = YES;
				SDKROOT = macosx;
			};
			name = Debug;
		};
		965E0AD01BDE767700866AE2 /* Release */ = {
			isa = XCBuildConfiguration;
			buildSettings = {
				ALWAYS_SEARCH_USER_PATHS = NO;
				CLANG_CXX_LANGUAGE_STANDARD = "gnu++0x";
				CLANG_CXX_LIBRARY = "libc++";
				CLANG_ENABLE_MODULES = YES;
				CLANG_ENABLE_OBJC_ARC = YES;
				CLANG_WARN_BOOL_CONVERSION = YES;
				CLANG_WARN_CONSTANT_CONVERSION = YES;
				CLANG_WARN_DIRECT_OBJC_ISA_USAGE = YES_ERROR;
				CLANG_WARN_EMPTY_BODY = YES;
				CLANG_WARN_ENUM_CONVERSION = YES;
				CLANG_WARN_INT_CONVERSION = YES;
				CLANG_WARN_OBJC_ROOT_CLASS = YES_ERROR;
				CLANG_WARN_UNREACHABLE_CODE = YES;
				CLANG_WARN__DUPLICATE_METHOD_MATCH = YES;
				COPY_PHASE_STRIP = NO;
				DEBUG_INFORMATION_FORMAT = "dwarf-with-dsym";
				ENABLE_NS_ASSERTIONS = NO;
				ENABLE_STRICT_OBJC_MSGSEND = YES;
				GCC_C_LANGUAGE_STANDARD = gnu99;
				GCC_NO_COMMON_BLOCKS = YES;
				GCC_WARN_64_TO_32_BIT_CONVERSION = YES;
				GCC_WARN_ABOUT_RETURN_TYPE = YES_ERROR;
				GCC_WARN_UNDECLARED_SELECTOR = YES;
				GCC_WARN_UNINITIALIZED_AUTOS = YES_AGGRESSIVE;
				GCC_WARN_UNUSED_FUNCTION = YES;
				GCC_WARN_UNUSED_VARIABLE = YES;
				MACOSX_DEPLOYMENT_TARGET = 10.11;
				MTL_ENABLE_DEBUG_INFO = NO;
				SDKROOT = macosx;
			};
			name = Release;
		};
		965E0AD21BDE767700866AE2 /* Debug */ = {
			isa = XCBuildConfiguration;
			buildSettings = {
				PRODUCT_NAME = "$(TARGET_NAME)";
			};
			name = Debug;
		};
		965E0AD31BDE767700866AE2 /* Release */ = {
			isa = XCBuildConfiguration;
			buildSettings = {
				PRODUCT_NAME = "$(TARGET_NAME)";
			};
			name = Release;
		};
/* End XCBuildConfiguration section */

/* Begin XCConfigurationList section */
		965E0AC51BDE767700866AE2 /* Build configuration list for PBXProject "Set_Matrix_Zeroes" */ = {
			isa = XCConfigurationList;
			buildConfigurations = (
				965E0ACF1BDE767700866AE2 /* Debug */,
				965E0AD01BDE767700866AE2 /* Release */,
			);
			defaultConfigurationIsVisible = 0;
			defaultConfigurationName = Release;
		};
		965E0AD11BDE767700866AE2 /* Build configuration list for PBXNativeTarget "Set_Matrix_Zeroes" */ = {
			isa = XCConfigurationList;
			buildConfigurations = (
				965E0AD21BDE767700866AE2 /* Debug */,
				965E0AD31BDE767700866AE2 /* Release */,
			);
			defaultConfigurationIsVisible = 0;
		};
/* End XCConfigurationList section */
	};
	rootObject = 965E0AC21BDE767700866AE2 /* Project object */;
}
