// !$*UTF8*$!
{
	archiveVersion = 1;
	classes = {
	};
	objectVersion = 46;
	objects = {

/* Begin PBXBuildFile section */
		963C1ECB1BFA09FF00D46798 /* main.cpp in Sources */ = {isa = PBXBuildFile; fileRef = 963C1ECA1BFA09FF00D46798 /* main.cpp */; };
/* End PBXBuildFile section */

/* Begin PBXCopyFilesBuildPhase section */
		963C1EC51BFA09FF00D46798 /* CopyFiles */ = {
			isa = PBXCopyFilesBuildPhase;
			buildActionMask = 2147483647;
			dstPath = /usr/share/man/man1/;
			dstSubfolderSpec = 0;
			files = (
			);
			runOnlyForDeploymentPostprocessing = 1;
		};
/* End PBXCopyFilesBuildPhase section */

/* Begin PBXFileReference section */
		963C1EC71BFA09FF00D46798 /* Fraction_to_Recurring_Decimal */ = {isa = PBXFileReference; explicitFileType = "compiled.mach-o.executable"; includeInIndex = 0; path = Fraction_to_Recurring_Decimal; sourceTree = BUILT_PRODUCTS_DIR; };
		963C1ECA1BFA09FF00D46798 /* main.cpp */ = {isa = PBXFileReference; lastKnownFileType = sourcecode.cpp.cpp; path = main.cpp; sourceTree = "<group>"; };
		963C1ED11BFA0A0A00D46798 /* solution.h */ = {isa = PBXFileReference; fileEncoding = 4; lastKnownFileType = sourcecode.c.h; path = solution.h; sourceTree = "<group>"; };
/* End PBXFileReference section */

/* Begin PBXFrameworksBuildPhase section */
		963C1EC41BFA09FF00D46798 /* Frameworks */ = {
			isa = PBXFrameworksBuildPhase;
			buildActionMask = 2147483647;
			files = (
			);
			runOnlyForDeploymentPostprocessing = 0;
		};
/* End PBXFrameworksBuildPhase section */

/* Begin PBXGroup section */
		963C1EBE1BFA09FF00D46798 = {
			isa = PBXGroup;
			children = (
				963C1EC91BFA09FF00D46798 /* Fraction_to_Recurring_Decimal */,
				963C1EC81BFA09FF00D46798 /* Products */,
			);
			sourceTree = "<group>";
		};
		963C1EC81BFA09FF00D46798 /* Products */ = {
			isa = PBXGroup;
			children = (
				963C1EC71BFA09FF00D46798 /* Fraction_to_Recurring_Decimal */,
			);
			name = Products;
			sourceTree = "<group>";
		};
		963C1EC91BFA09FF00D46798 /* Fraction_to_Recurring_Decimal */ = {
			isa = PBXGroup;
			children = (
				963C1ECA1BFA09FF00D46798 /* main.cpp */,
				963C1ED11BFA0A0A00D46798 /* solution.h */,
			);
			path = Fraction_to_Recurring_Decimal;
			sourceTree = "<group>";
		};
/* End PBXGroup section */

/* Begin PBXNativeTarget section */
		963C1EC61BFA09FF00D46798 /* Fraction_to_Recurring_Decimal */ = {
			isa = PBXNativeTarget;
			buildConfigurationList = 963C1ECE1BFA09FF00D46798 /* Build configuration list for PBXNativeTarget "Fraction_to_Recurring_Decimal" */;
			buildPhases = (
				963C1EC31BFA09FF00D46798 /* Sources */,
				963C1EC41BFA09FF00D46798 /* Frameworks */,
				963C1EC51BFA09FF00D46798 /* CopyFiles */,
			);
			buildRules = (
			);
			dependencies = (
			);
			name = Fraction_to_Recurring_Decimal;
			productName = Fraction_to_Recurring_Decimal;
			productReference = 963C1EC71BFA09FF00D46798 /* Fraction_to_Recurring_Decimal */;
			productType = "com.apple.product-type.tool";
		};
/* End PBXNativeTarget section */

/* Begin PBXProject section */
		963C1EBF1BFA09FF00D46798 /* Project object */ = {
			isa = PBXProject;
			attributes = {
				LastUpgradeCheck = 0710;
				ORGANIZATIONNAME = "中央政治局常委";
				TargetAttributes = {
					963C1EC61BFA09FF00D46798 = {
						CreatedOnToolsVersion = 7.1;
					};
				};
			};
			buildConfigurationList = 963C1EC21BFA09FF00D46798 /* Build configuration list for PBXProject "Fraction_to_Recurring_Decimal" */;
			compatibilityVersion = "Xcode 3.2";
			developmentRegion = English;
			hasScannedForEncodings = 0;
			knownRegions = (
				en,
			);
			mainGroup = 963C1EBE1BFA09FF00D46798;
			productRefGroup = 963C1EC81BFA09FF00D46798 /* Products */;
			projectDirPath = "";
			projectRoot = "";
			targets = (
				963C1EC61BFA09FF00D46798 /* Fraction_to_Recurring_Decimal */,
			);
		};
/* End PBXProject section */

/* Begin PBXSourcesBuildPhase section */
		963C1EC31BFA09FF00D46798 /* Sources */ = {
			isa = PBXSourcesBuildPhase;
			buildActionMask = 2147483647;
			files = (
				963C1ECB1BFA09FF00D46798 /* main.cpp in Sources */,
			);
			runOnlyForDeploymentPostprocessing = 0;
		};
/* End PBXSourcesBuildPhase section */

/* Begin XCBuildConfiguration section */
		963C1ECC1BFA09FF00D46798 /* Debug */ = {
			isa = XCBuildConfiguration;
			buildSettings = {
				ALWAYS_SEARCH_USER_PATHS = NO;
				CLANG_CXX_LANGUAGE_STANDARD = "gnu++0x";
				CLANG_CXX_LIBRARY = "libc++";
				CLANG_ENABLE_MODULES = YES;
				CLANG_ENABLE_OBJC_ARC = YES;
				CLANG_WARN_BOOL_CONVERSION = YES;
				CLANG_WARN_CONSTANT_CONVERSION = YES;
				CLANG_WARN_DIRECT_OBJC_ISA_USAGE = YES_ERROR;
				CLANG_WARN_EMPTY_BODY = YES;
				CLANG_WARN_ENUM_CONVERSION = YES;
				CLANG_WARN_INT_CONVERSION = YES;
				CLANG_WARN_OBJC_ROOT_CLASS = YES_ERROR;
				CLANG_WARN_UNREACHABLE_CODE = YES;
				CLANG_WARN__DUPLICATE_METHOD_MATCH = YES;
				CODE_SIGN_IDENTITY = "-";
				COPY_PHASE_STRIP = NO;
				DEBUG_INFORMATION_FORMAT = dwarf;
				ENABLE_STRICT_OBJC_MSGSEND = YES;
				ENABLE_TESTABILITY = YES;
				GCC_C_LANGUAGE_STANDARD = gnu99;
				GCC_DYNAMIC_NO_PIC = NO;
				GCC_NO_COMMON_BLOCKS = YES;
				GCC_OPTIMIZATION_LEVEL = 0;
				GCC_PREPROCESSOR_DEFINITIONS = (
					"DEBUG=1",
					"$(inherited)",
				);
				GCC_WARN_64_TO_32_BIT_CONVERSION = YES;
				GCC_WARN_ABOUT_RETURN_TYPE = YES_ERROR;
				GCC_WARN_UNDECLARED_SELECTOR = YES;
				GCC_WARN_UNINITIALIZED_AUTOS = YES_AGGRESSIVE;
				GCC_WARN_UNUSED_FUNCTION = YES;
				GCC_WARN_UNUSED_VARIABLE = YES;
				MACOSX_DEPLOYMENT_TARGET = 10.11;
				MTL_ENABLE_DEBUG_INFO = YES;
				ONLY_ACTIVE_ARCH = YES;
				SDKROOT = macosx;
			};
			name = Debug;
		};
		963C1ECD1BFA09FF00D46798 /* Release */ = {
			isa = XCBuildConfiguration;
			buildSettings = {
				ALWAYS_SEARCH_USER_PATHS = NO;
				CLANG_CXX_LANGUAGE_STANDARD = "gnu++0x";
				CLANG_CXX_LIBRARY = "libc++";
				CLANG_ENABLE_MODULES = YES;
				CLANG_ENABLE_OBJC_ARC = YES;
				CLANG_WARN_BOOL_CONVERSION = YES;
				CLANG_WARN_CONSTANT_CONVERSION = YES;
				CLANG_WARN_DIRECT_OBJC_ISA_USAGE = YES_ERROR;
				CLANG_WARN_EMPTY_BODY = YES;
				CLANG_WARN_ENUM_CONVERSION = YES;
				CLANG_WARN_INT_CONVERSION = YES;
				CLANG_WARN_OBJC_ROOT_CLASS = YES_ERROR;
				CLANG_WARN_UNREACHABLE_CODE = YES;
				CLANG_WARN__DUPLICATE_METHOD_MATCH = YES;
				CODE_SIGN_IDENTITY = "-";
				COPY_PHASE_STRIP = NO;
				DEBUG_INFORMATION_FORMAT = "dwarf-with-dsym";
				ENABLE_NS_ASSERTIONS = NO;
				ENABLE_STRICT_OBJC_MSGSEND = YES;
				GCC_C_LANGUAGE_STANDARD = gnu99;
				GCC_NO_COMMON_BLOCKS = YES;
				GCC_WARN_64_TO_32_BIT_CONVERSION = YES;
				GCC_WARN_ABOUT_RETURN_TYPE = YES_ERROR;
				GCC_WARN_UNDECLARED_SELECTOR = YES;
				GCC_WARN_UNINITIALIZED_AUTOS = YES_AGGRESSIVE;
				GCC_WARN_UNUSED_FUNCTION = YES;
				GCC_WARN_UNUSED_VARIABLE = YES;
				MACOSX_DEPLOYMENT_TARGET = 10.11;
				MTL_ENABLE_DEBUG_INFO = NO;
				SDKROOT = macosx;
			};
			name = Release;
		};
		963C1ECF1BFA09FF00D46798 /* Debug */ = {
			isa = XCBuildConfiguration;
			buildSettings = {
				PRODUCT_NAME = "$(TARGET_NAME)";
			};
			name = Debug;
		};
		963C1ED01BFA09FF00D46798 /* Release */ = {
			isa = XCBuildConfiguration;
			buildSettings = {
				PRODUCT_NAME = "$(TARGET_NAME)";
			};
			name = Release;
		};
/* End XCBuildConfiguration section */

/* Begin XCConfigurationList section */
		963C1EC21BFA09FF00D46798 /* Build configuration list for PBXProject "Fraction_to_Recurring_Decimal" */ = {
			isa = XCConfigurationList;
			buildConfigurations = (
				963C1ECC1BFA09FF00D46798 /* Debug */,
				963C1ECD1BFA09FF00D46798 /* Release */,
			);
			defaultConfigurationIsVisible = 0;
			defaultConfigurationName = Release;
		};
		963C1ECE1BFA09FF00D46798 /* Build configuration list for PBXNativeTarget "Fraction_to_Recurring_Decimal" */ = {
			isa = XCConfigurationList;
			buildConfigurations = (
				963C1ECF1BFA09FF00D46798 /* Debug */,
				963C1ED01BFA09FF00D46798 /* Release */,
			);
			defaultConfigurationIsVisible = 0;
		};
/* End XCConfigurationList section */
	};
	rootObject = 963C1EBF1BFA09FF00D46798 /* Project object */;
}
