// !$*UTF8*$!
{
	archiveVersion = 1;
	classes = {
	};
	objectVersion = 46;
	objects = {

/* Begin PBXBuildFile section */
		96684D7C1BDCC6D80092B20D /* main.cpp in Sources */ = {isa = PBXBuildFile; fileRef = 96684D7B1BDCC6D80092B20D /* main.cpp */; };
/* End PBXBuildFile section */

/* Begin PBXCopyFilesBuildPhase section */
		96684D761BDCC6D80092B20D /* CopyFiles */ = {
			isa = PBXCopyFilesBuildPhase;
			buildActionMask = 2147483647;
			dstPath = /usr/share/man/man1/;
			dstSubfolderSpec = 0;
			files = (
			);
			runOnlyForDeploymentPostprocessing = 1;
		};
/* End PBXCopyFilesBuildPhase section */

/* Begin PBXFileReference section */
		96684D781BDCC6D80092B20D /* Swap_Nodes_in_Pairs */ = {isa = PBXFileReference; explicitFileType = "compiled.mach-o.executable"; includeInIndex = 0; path = Swap_Nodes_in_Pairs; sourceTree = BUILT_PRODUCTS_DIR; };
		96684D7B1BDCC6D80092B20D /* main.cpp */ = {isa = PBXFileReference; lastKnownFileType = sourcecode.cpp.cpp; path = main.cpp; sourceTree = "<group>"; };
		96684D821BDCC6E20092B20D /* solution.h */ = {isa = PBXFileReference; fileEncoding = 4; lastKnownFileType = sourcecode.c.h; path = solution.h; sourceTree = "<group>"; };
/* End PBXFileReference section */

/* Begin PBXFrameworksBuildPhase section */
		96684D751BDCC6D80092B20D /* Frameworks */ = {
			isa = PBXFrameworksBuildPhase;
			buildActionMask = 2147483647;
			files = (
			);
			runOnlyForDeploymentPostprocessing = 0;
		};
/* End PBXFrameworksBuildPhase section */

/* Begin PBXGroup section */
		96684D6F1BDCC6D80092B20D = {
			isa = PBXGroup;
			children = (
				96684D7A1BDCC6D80092B20D /* Swap_Nodes_in_Pairs */,
				96684D791BDCC6D80092B20D /* Products */,
			);
			sourceTree = "<group>";
		};
		96684D791BDCC6D80092B20D /* Products */ = {
			isa = PBXGroup;
			children = (
				96684D781BDCC6D80092B20D /* Swap_Nodes_in_Pairs */,
			);
			name = Products;
			sourceTree = "<group>";
		};
		96684D7A1BDCC6D80092B20D /* Swap_Nodes_in_Pairs */ = {
			isa = PBXGroup;
			children = (
				96684D7B1BDCC6D80092B20D /* main.cpp */,
				96684D821BDCC6E20092B20D /* solution.h */,
			);
			path = Swap_Nodes_in_Pairs;
			sourceTree = "<group>";
		};
/* End PBXGroup section */

/* Begin PBXNativeTarget section */
		96684D771BDCC6D80092B20D /* Swap_Nodes_in_Pairs */ = {
			isa = PBXNativeTarget;
			buildConfigurationList = 96684D7F1BDCC6D80092B20D /* Build configuration list for PBXNativeTarget "Swap_Nodes_in_Pairs" */;
			buildPhases = (
				96684D741BDCC6D80092B20D /* Sources */,
				96684D751BDCC6D80092B20D /* Frameworks */,
				96684D761BDCC6D80092B20D /* CopyFiles */,
			);
			buildRules = (
			);
			dependencies = (
			);
			name = Swap_Nodes_in_Pairs;
			productName = Swap_Nodes_in_Pairs;
			productReference = 96684D781BDCC6D80092B20D /* Swap_Nodes_in_Pairs */;
			productType = "com.apple.product-type.tool";
		};
/* End PBXNativeTarget section */

/* Begin PBXProject section */
		96684D701BDCC6D80092B20D /* Project object */ = {
			isa = PBXProject;
			attributes = {
				LastUpgradeCheck = 0700;
				ORGANIZATIONNAME = "中央政治局常委";
				TargetAttributes = {
					96684D771BDCC6D80092B20D = {
						CreatedOnToolsVersion = 7.0;
					};
				};
			};
			buildConfigurationList = 96684D731BDCC6D80092B20D /* Build configuration list for PBXProject "Swap_Nodes_in_Pairs" */;
			compatibilityVersion = "Xcode 3.2";
			developmentRegion = English;
			hasScannedForEncodings = 0;
			knownRegions = (
				en,
			);
			mainGroup = 96684D6F1BDCC6D80092B20D;
			productRefGroup = 96684D791BDCC6D80092B20D /* Products */;
			projectDirPath = "";
			projectRoot = "";
			targets = (
				96684D771BDCC6D80092B20D /* Swap_Nodes_in_Pairs */,
			);
		};
/* End PBXProject section */

/* Begin PBXSourcesBuildPhase section */
		96684D741BDCC6D80092B20D /* Sources */ = {
			isa = PBXSourcesBuildPhase;
			buildActionMask = 2147483647;
			files = (
				96684D7C1BDCC6D80092B20D /* main.cpp in Sources */,
			);
			runOnlyForDeploymentPostprocessing = 0;
		};
/* End PBXSourcesBuildPhase section */

/* Begin XCBuildConfiguration section */
		96684D7D1BDCC6D80092B20D /* Debug */ = {
			isa = XCBuildConfiguration;
			buildSettings = {
				ALWAYS_SEARCH_USER_PATHS = NO;
				CLANG_CXX_LANGUAGE_STANDARD = "gnu++0x";
				CLANG_CXX_LIBRARY = "libc++";
				CLANG_ENABLE_MODULES = YES;
				CLANG_ENABLE_OBJC_ARC = YES;
				CLANG_WARN_BOOL_CONVERSION = YES;
				CLANG_WARN_CONSTANT_CONVERSION = YES;
				CLANG_WARN_DIRECT_OBJC_ISA_USAGE = YES_ERROR;
				CLANG_WARN_EMPTY_BODY = YES;
				CLANG_WARN_ENUM_CONVERSION = YES;
				CLANG_WARN_INT_CONVERSION = YES;
				CLANG_WARN_OBJC_ROOT_CLASS = YES_ERROR;
				CLANG_WARN_UNREACHABLE_CODE = YES;
				CLANG_WARN__DUPLICATE_METHOD_MATCH = YES;
				COPY_PHASE_STRIP = NO;
				DEBUG_INFORMATION_FORMAT = dwarf;
				ENABLE_STRICT_OBJC_MSGSEND = YES;
				ENABLE_TESTABILITY = YES;
				GCC_C_LANGUAGE_STANDARD = gnu99;
				GCC_DYNAMIC_NO_PIC = NO;
				GCC_NO_COMMON_BLOCKS = YES;
				GCC_OPTIMIZATION_LEVEL = 0;
				GCC_PREPROCESSOR_DEFINITIONS = (
					"DEBUG=1",
					"$(inherited)",
				);
				GCC_WARN_64_TO_32_BIT_CONVERSION = YES;
				GCC_WARN_ABOUT_RETURN_TYPE = YES_ERROR;
				GCC_WARN_UNDECLARED_SELECTOR = YES;
				GCC_WARN_UNINITIALIZED_AUTOS = YES_AGGRESSIVE;
				GCC_WARN_UNUSED_FUNCTION = YES;
				GCC_WARN_UNUSED_VARIABLE = YES;
				MACOSX_DEPLOYMENT_TARGET = 10.11;
				MTL_ENABLE_DEBUG_INFO = YES;
				ONLY_ACTIVE_ARCH = YES;
				SDKROOT = macosx;
			};
			name = Debug;
		};
		96684D7E1BDCC6D80092B20D /* Release */ = {
			isa = XCBuildConfiguration;
			buildSettings = {
				ALWAYS_SEARCH_USER_PATHS = NO;
				CLANG_CXX_LANGUAGE_STANDARD = "gnu++0x";
				CLANG_CXX_LIBRARY = "libc++";
				CLANG_ENABLE_MODULES = YES;
				CLANG_ENABLE_OBJC_ARC = YES;
				CLANG_WARN_BOOL_CONVERSION = YES;
				CLANG_WARN_CONSTANT_CONVERSION = YES;
				CLANG_WARN_DIRECT_OBJC_ISA_USAGE = YES_ERROR;
				CLANG_WARN_EMPTY_BODY = YES;
				CLANG_WARN_ENUM_CONVERSION = YES;
				CLANG_WARN_INT_CONVERSION = YES;
				CLANG_WARN_OBJC_ROOT_CLASS = YES_ERROR;
				CLANG_WARN_UNREACHABLE_CODE = YES;
				CLANG_WARN__DUPLICATE_METHOD_MATCH = YES;
				COPY_PHASE_STRIP = NO;
				DEBUG_INFORMATION_FORMAT = "dwarf-with-dsym";
				ENABLE_NS_ASSERTIONS = NO;
				ENABLE_STRICT_OBJC_MSGSEND = YES;
				GCC_C_LANGUAGE_STANDARD = gnu99;
				GCC_NO_COMMON_BLOCKS = YES;
				GCC_WARN_64_TO_32_BIT_CONVERSION = YES;
				GCC_WARN_ABOUT_RETURN_TYPE = YES_ERROR;
				GCC_WARN_UNDECLARED_SELECTOR = YES;
				GCC_WARN_UNINITIALIZED_AUTOS = YES_AGGRESSIVE;
				GCC_WARN_UNUSED_FUNCTION = YES;
				GCC_WARN_UNUSED_VARIABLE = YES;
				MACOSX_DEPLOYMENT_TARGET = 10.11;
				MTL_ENABLE_DEBUG_INFO = NO;
				SDKROOT = macosx;
			};
			name = Release;
		};
		96684D801BDCC6D80092B20D /* Debug */ = {
			isa = XCBuildConfiguration;
			buildSettings = {
				PRODUCT_NAME = "$(TARGET_NAME)";
			};
			name = Debug;
		};
		96684D811BDCC6D80092B20D /* Release */ = {
			isa = XCBuildConfiguration;
			buildSettings = {
				PRODUCT_NAME = "$(TARGET_NAME)";
			};
			name = Release;
		};
/* End XCBuildConfiguration section */

/* Begin XCConfigurationList section */
		96684D731BDCC6D80092B20D /* Build configuration list for PBXProject "Swap_Nodes_in_Pairs" */ = {
			isa = XCConfigurationList;
			buildConfigurations = (
				96684D7D1BDCC6D80092B20D /* Debug */,
				96684D7E1BDCC6D80092B20D /* Release */,
			);
			defaultConfigurationIsVisible = 0;
			defaultConfigurationName = Release;
		};
		96684D7F1BDCC6D80092B20D /* Build configuration list for PBXNativeTarget "Swap_Nodes_in_Pairs" */ = {
			isa = XCConfigurationList;
			buildConfigurations = (
				96684D801BDCC6D80092B20D /* Debug */,
				96684D811BDCC6D80092B20D /* Release */,
			);
			defaultConfigurationIsVisible = 0;
		};
/* End XCConfigurationList section */
	};
	rootObject = 96684D701BDCC6D80092B20D /* Project object */;
}
