// !$*UTF8*$!
{
	archiveVersion = 1;
	classes = {
	};
	objectVersion = 46;
	objects = {

/* Begin PBXBuildFile section */
		965350781C4FD83A00D7AE9F /* main.cpp in Sources */ = {isa = PBXBuildFile; fileRef = 965350771C4FD83A00D7AE9F /* main.cpp */; };
/* End PBXBuildFile section */

/* Begin PBXCopyFilesBuildPhase section */
		965350721C4FD83A00D7AE9F /* CopyFiles */ = {
			isa = PBXCopyFilesBuildPhase;
			buildActionMask = 2147483647;
			dstPath = /usr/share/man/man1/;
			dstSubfolderSpec = 0;
			files = (
			);
			runOnlyForDeploymentPostprocessing = 1;
		};
/* End PBXCopyFilesBuildPhase section */

/* Begin PBXFileReference section */
		965350741C4FD83A00D7AE9F /* Wiggle_Sort_II */ = {isa = PBXFileReference; explicitFileType = "compiled.mach-o.executable"; includeInIndex = 0; path = Wiggle_Sort_II; sourceTree = BUILT_PRODUCTS_DIR; };
		965350771C4FD83A00D7AE9F /* main.cpp */ = {isa = PBXFileReference; lastKnownFileType = sourcecode.cpp.cpp; path = main.cpp; sourceTree = "<group>"; };
/* End PBXFileReference section */

/* Begin PBXFrameworksBuildPhase section */
		965350711C4FD83A00D7AE9F /* Frameworks */ = {
			isa = PBXFrameworksBuildPhase;
			buildActionMask = 2147483647;
			files = (
			);
			runOnlyForDeploymentPostprocessing = 0;
		};
/* End PBXFrameworksBuildPhase section */

/* Begin PBXGroup section */
		9653506B1C4FD83A00D7AE9F = {
			isa = PBXGroup;
			children = (
				965350761C4FD83A00D7AE9F /* Wiggle_Sort_II */,
				965350751C4FD83A00D7AE9F /* Products */,
			);
			sourceTree = "<group>";
		};
		965350751C4FD83A00D7AE9F /* Products */ = {
			isa = PBXGroup;
			children = (
				965350741C4FD83A00D7AE9F /* Wiggle_Sort_II */,
			);
			name = Products;
			sourceTree = "<group>";
		};
		965350761C4FD83A00D7AE9F /* Wiggle_Sort_II */ = {
			isa = PBXGroup;
			children = (
				965350771C4FD83A00D7AE9F /* main.cpp */,
			);
			path = Wiggle_Sort_II;
			sourceTree = "<group>";
		};
/* End PBXGroup section */

/* Begin PBXNativeTarget section */
		965350731C4FD83A00D7AE9F /* Wiggle_Sort_II */ = {
			isa = PBXNativeTarget;
			buildConfigurationList = 9653507B1C4FD83A00D7AE9F /* Build configuration list for PBXNativeTarget "Wiggle_Sort_II" */;
			buildPhases = (
				965350701C4FD83A00D7AE9F /* Sources */,
				965350711C4FD83A00D7AE9F /* Frameworks */,
				965350721C4FD83A00D7AE9F /* CopyFiles */,
			);
			buildRules = (
			);
			dependencies = (
			);
			name = Wiggle_Sort_II;
			productName = Wiggle_Sort_II;
			productReference = 965350741C4FD83A00D7AE9F /* Wiggle_Sort_II */;
			productType = "com.apple.product-type.tool";
		};
/* End PBXNativeTarget section */

/* Begin PBXProject section */
		9653506C1C4FD83A00D7AE9F /* Project object */ = {
			isa = PBXProject;
			attributes = {
				LastUpgradeCheck = 0710;
				ORGANIZATIONNAME = "中央政治局常委";
				TargetAttributes = {
					965350731C4FD83A00D7AE9F = {
						CreatedOnToolsVersion = 7.1;
					};
				};
			};
			buildConfigurationList = 9653506F1C4FD83A00D7AE9F /* Build configuration list for PBXProject "Wiggle_Sort_II" */;
			compatibilityVersion = "Xcode 3.2";
			developmentRegion = English;
			hasScannedForEncodings = 0;
			knownRegions = (
				en,
			);
			mainGroup = 9653506B1C4FD83A00D7AE9F;
			productRefGroup = 965350751C4FD83A00D7AE9F /* Products */;
			projectDirPath = "";
			projectRoot = "";
			targets = (
				965350731C4FD83A00D7AE9F /* Wiggle_Sort_II */,
			);
		};
/* End PBXProject section */

/* Begin PBXSourcesBuildPhase section */
		965350701C4FD83A00D7AE9F /* Sources */ = {
			isa = PBXSourcesBuildPhase;
			buildActionMask = 2147483647;
			files = (
				965350781C4FD83A00D7AE9F /* main.cpp in Sources */,
			);
			runOnlyForDeploymentPostprocessing = 0;
		};
/* End PBXSourcesBuildPhase section */

/* Begin XCBuildConfiguration section */
		965350791C4FD83A00D7AE9F /* Debug */ = {
			isa = XCBuildConfiguration;
			buildSettings = {
				ALWAYS_SEARCH_USER_PATHS = NO;
				CLANG_CXX_LANGUAGE_STANDARD = "gnu++0x";
				CLANG_CXX_LIBRARY = "libc++";
				CLANG_ENABLE_MODULES = YES;
				CLANG_ENABLE_OBJC_ARC = YES;
				CLANG_WARN_BOOL_CONVERSION = YES;
				CLANG_WARN_CONSTANT_CONVERSION = YES;
				CLANG_WARN_DIRECT_OBJC_ISA_USAGE = YES_ERROR;
				CLANG_WARN_EMPTY_BODY = YES;
				CLANG_WARN_ENUM_CONVERSION = YES;
				CLANG_WARN_INT_CONVERSION = YES;
				CLANG_WARN_OBJC_ROOT_CLASS = YES_ERROR;
				CLANG_WARN_UNREACHABLE_CODE = YES;
				CLANG_WARN__DUPLICATE_METHOD_MATCH = YES;
				CODE_SIGN_IDENTITY = "-";
				COPY_PHASE_STRIP = NO;
				DEBUG_INFORMATION_FORMAT = dwarf;
				ENABLE_STRICT_OBJC_MSGSEND = YES;
				ENABLE_TESTABILITY = YES;
				GCC_C_LANGUAGE_STANDARD = gnu99;
				GCC_DYNAMIC_NO_PIC = NO;
				GCC_NO_COMMON_BLOCKS = YES;
				GCC_OPTIMIZATION_LEVEL = 0;
				GCC_PREPROCESSOR_DEFINITIONS = (
					"DEBUG=1",
					"$(inherited)",
				);
				GCC_WARN_64_TO_32_BIT_CONVERSION = YES;
				GCC_WARN_ABOUT_RETURN_TYPE = YES_ERROR;
				GCC_WARN_UNDECLARED_SELECTOR = YES;
				GCC_WARN_UNINITIALIZED_AUTOS = YES_AGGRESSIVE;
				GCC_WARN_UNUSED_FUNCTION = YES;
				GCC_WARN_UNUSED_VARIABLE = YES;
				MACOSX_DEPLOYMENT_TARGET = 10.11;
				MTL_ENABLE_DEBUG_INFO = YES;
				ONLY_ACTIVE_ARCH = YES;
				SDKROOT = macosx;
			};
			name = Debug;
		};
		9653507A1C4FD83A00D7AE9F /* Release */ = {
			isa = XCBuildConfiguration;
			buildSettings = {
				ALWAYS_SEARCH_USER_PATHS = NO;
				CLANG_CXX_LANGUAGE_STANDARD = "gnu++0x";
				CLANG_CXX_LIBRARY = "libc++";
				CLANG_ENABLE_MODULES = YES;
				CLANG_ENABLE_OBJC_ARC = YES;
				CLANG_WARN_BOOL_CONVERSION = YES;
				CLANG_WARN_CONSTANT_CONVERSION = YES;
				CLANG_WARN_DIRECT_OBJC_ISA_USAGE = YES_ERROR;
				CLANG_WARN_EMPTY_BODY = YES;
				CLANG_WARN_ENUM_CONVERSION = YES;
				CLANG_WARN_INT_CONVERSION = YES;
				CLANG_WARN_OBJC_ROOT_CLASS = YES_ERROR;
				CLANG_WARN_UNREACHABLE_CODE = YES;
				CLANG_WARN__DUPLICATE_METHOD_MATCH = YES;
				CODE_SIGN_IDENTITY = "-";
				COPY_PHASE_STRIP = NO;
				DEBUG_INFORMATION_FORMAT = "dwarf-with-dsym";
				ENABLE_NS_ASSERTIONS = NO;
				ENABLE_STRICT_OBJC_MSGSEND = YES;
				GCC_C_LANGUAGE_STANDARD = gnu99;
				GCC_NO_COMMON_BLOCKS = YES;
				GCC_WARN_64_TO_32_BIT_CONVERSION = YES;
				GCC_WARN_ABOUT_RETURN_TYPE = YES_ERROR;
				GCC_WARN_UNDECLARED_SELECTOR = YES;
				GCC_WARN_UNINITIALIZED_AUTOS = YES_AGGRESSIVE;
				GCC_WARN_UNUSED_FUNCTION = YES;
				GCC_WARN_UNUSED_VARIABLE = YES;
				MACOSX_DEPLOYMENT_TARGET = 10.11;
				MTL_ENABLE_DEBUG_INFO = NO;
				SDKROOT = macosx;
			};
			name = Release;
		};
		9653507C1C4FD83A00D7AE9F /* Debug */ = {
			isa = XCBuildConfiguration;
			buildSettings = {
				PRODUCT_NAME = "$(TARGET_NAME)";
			};
			name = Debug;
		};
		9653507D1C4FD83A00D7AE9F /* Release */ = {
			isa = XCBuildConfiguration;
			buildSettings = {
				PRODUCT_NAME = "$(TARGET_NAME)";
			};
			name = Release;
		};
/* End XCBuildConfiguration section */

/* Begin XCConfigurationList section */
		9653506F1C4FD83A00D7AE9F /* Build configuration list for PBXProject "Wiggle_Sort_II" */ = {
			isa = XCConfigurationList;
			buildConfigurations = (
				965350791C4FD83A00D7AE9F /* Debug */,
				9653507A1C4FD83A00D7AE9F /* Release */,
			);
			defaultConfigurationIsVisible = 0;
			defaultConfigurationName = Release;
		};
		9653507B1C4FD83A00D7AE9F /* Build configuration list for PBXNativeTarget "Wiggle_Sort_II" */ = {
			isa = XCConfigurationList;
			buildConfigurations = (
				9653507C1C4FD83A00D7AE9F /* Debug */,
				9653507D1C4FD83A00D7AE9F /* Release */,
			);
			defaultConfigurationIsVisible = 0;
		};
/* End XCConfigurationList section */
	};
	rootObject = 9653506C1C4FD83A00D7AE9F /* Project object */;
}
