// !$*UTF8*$!
{
	archiveVersion = 1;
	classes = {
	};
	objectVersion = 46;
	objects = {

/* Begin PBXBuildFile section */
		9682786C1C1F1BE600F502D9 /* main.cpp in Sources */ = {isa = PBXBuildFile; fileRef = 9682786B1C1F1BE600F502D9 /* main.cpp */; };
/* End PBXBuildFile section */

/* Begin PBXCopyFilesBuildPhase section */
		968278661C1F1BE600F502D9 /* CopyFiles */ = {
			isa = PBXCopyFilesBuildPhase;
			buildActionMask = 2147483647;
			dstPath = /usr/share/man/man1/;
			dstSubfolderSpec = 0;
			files = (
			);
			runOnlyForDeploymentPostprocessing = 1;
		};
/* End PBXCopyFilesBuildPhase section */

/* Begin PBXFileReference section */
		968278681C1F1BE600F502D9 /* Remove_Duplicates_from_Sorted_Array */ = {isa = PBXFileReference; explicitFileType = "compiled.mach-o.executable"; includeInIndex = 0; path = Remove_Duplicates_from_Sorted_Array; sourceTree = BUILT_PRODUCTS_DIR; };
		9682786B1C1F1BE600F502D9 /* main.cpp */ = {isa = PBXFileReference; lastKnownFileType = sourcecode.cpp.cpp; path = main.cpp; sourceTree = "<group>"; };
/* End PBXFileReference section */

/* Begin PBXFrameworksBuildPhase section */
		968278651C1F1BE600F502D9 /* Frameworks */ = {
			isa = PBXFrameworksBuildPhase;
			buildActionMask = 2147483647;
			files = (
			);
			runOnlyForDeploymentPostprocessing = 0;
		};
/* End PBXFrameworksBuildPhase section */

/* Begin PBXGroup section */
		9682785F1C1F1BE600F502D9 = {
			isa = PBXGroup;
			children = (
				9682786A1C1F1BE600F502D9 /* Remove_Duplicates_from_Sorted_Array */,
				968278691C1F1BE600F502D9 /* Products */,
			);
			sourceTree = "<group>";
		};
		968278691C1F1BE600F502D9 /* Products */ = {
			isa = PBXGroup;
			children = (
				968278681C1F1BE600F502D9 /* Remove_Duplicates_from_Sorted_Array */,
			);
			name = Products;
			sourceTree = "<group>";
		};
		9682786A1C1F1BE600F502D9 /* Remove_Duplicates_from_Sorted_Array */ = {
			isa = PBXGroup;
			children = (
				9682786B1C1F1BE600F502D9 /* main.cpp */,
			);
			path = Remove_Duplicates_from_Sorted_Array;
			sourceTree = "<group>";
		};
/* End PBXGroup section */

/* Begin PBXNativeTarget section */
		968278671C1F1BE600F502D9 /* Remove_Duplicates_from_Sorted_Array */ = {
			isa = PBXNativeTarget;
			buildConfigurationList = 9682786F1C1F1BE600F502D9 /* Build configuration list for PBXNativeTarget "Remove_Duplicates_from_Sorted_Array" */;
			buildPhases = (
				968278641C1F1BE600F502D9 /* Sources */,
				968278651C1F1BE600F502D9 /* Frameworks */,
				968278661C1F1BE600F502D9 /* CopyFiles */,
			);
			buildRules = (
			);
			dependencies = (
			);
			name = Remove_Duplicates_from_Sorted_Array;
			productName = Remove_Duplicates_from_Sorted_Array;
			productReference = 968278681C1F1BE600F502D9 /* Remove_Duplicates_from_Sorted_Array */;
			productType = "com.apple.product-type.tool";
		};
/* End PBXNativeTarget section */

/* Begin PBXProject section */
		968278601C1F1BE600F502D9 /* Project object */ = {
			isa = PBXProject;
			attributes = {
				LastUpgradeCheck = 0710;
				ORGANIZATIONNAME = "中央政治局常委";
				TargetAttributes = {
					968278671C1F1BE600F502D9 = {
						CreatedOnToolsVersion = 7.1;
					};
				};
			};
			buildConfigurationList = 968278631C1F1BE600F502D9 /* Build configuration list for PBXProject "Remove_Duplicates_from_Sorted_Array" */;
			compatibilityVersion = "Xcode 3.2";
			developmentRegion = English;
			hasScannedForEncodings = 0;
			knownRegions = (
				en,
			);
			mainGroup = 9682785F1C1F1BE600F502D9;
			productRefGroup = 968278691C1F1BE600F502D9 /* Products */;
			projectDirPath = "";
			projectRoot = "";
			targets = (
				968278671C1F1BE600F502D9 /* Remove_Duplicates_from_Sorted_Array */,
			);
		};
/* End PBXProject section */

/* Begin PBXSourcesBuildPhase section */
		968278641C1F1BE600F502D9 /* Sources */ = {
			isa = PBXSourcesBuildPhase;
			buildActionMask = 2147483647;
			files = (
				9682786C1C1F1BE600F502D9 /* main.cpp in Sources */,
			);
			runOnlyForDeploymentPostprocessing = 0;
		};
/* End PBXSourcesBuildPhase section */

/* Begin XCBuildConfiguration section */
		9682786D1C1F1BE600F502D9 /* Debug */ = {
			isa = XCBuildConfiguration;
			buildSettings = {
				ALWAYS_SEARCH_USER_PATHS = NO;
				CLANG_CXX_LANGUAGE_STANDARD = "gnu++0x";
				CLANG_CXX_LIBRARY = "libc++";
				CLANG_ENABLE_MODULES = YES;
				CLANG_ENABLE_OBJC_ARC = YES;
				CLANG_WARN_BOOL_CONVERSION = YES;
				CLANG_WARN_CONSTANT_CONVERSION = YES;
				CLANG_WARN_DIRECT_OBJC_ISA_USAGE = YES_ERROR;
				CLANG_WARN_EMPTY_BODY = YES;
				CLANG_WARN_ENUM_CONVERSION = YES;
				CLANG_WARN_INT_CONVERSION = YES;
				CLANG_WARN_OBJC_ROOT_CLASS = YES_ERROR;
				CLANG_WARN_UNREACHABLE_CODE = YES;
				CLANG_WARN__DUPLICATE_METHOD_MATCH = YES;
				CODE_SIGN_IDENTITY = "-";
				COPY_PHASE_STRIP = NO;
				DEBUG_INFORMATION_FORMAT = dwarf;
				ENABLE_STRICT_OBJC_MSGSEND = YES;
				ENABLE_TESTABILITY = YES;
				GCC_C_LANGUAGE_STANDARD = gnu99;
				GCC_DYNAMIC_NO_PIC = NO;
				GCC_NO_COMMON_BLOCKS = YES;
				GCC_OPTIMIZATION_LEVEL = 0;
				GCC_PREPROCESSOR_DEFINITIONS = (
					"DEBUG=1",
					"$(inherited)",
				);
				GCC_WARN_64_TO_32_BIT_CONVERSION = YES;
				GCC_WARN_ABOUT_RETURN_TYPE = YES_ERROR;
				GCC_WARN_UNDECLARED_SELECTOR = YES;
				GCC_WARN_UNINITIALIZED_AUTOS = YES_AGGRESSIVE;
				GCC_WARN_UNUSED_FUNCTION = YES;
				GCC_WARN_UNUSED_VARIABLE = YES;
				MACOSX_DEPLOYMENT_TARGET = 10.11;
				MTL_ENABLE_DEBUG_INFO = YES;
				ONLY_ACTIVE_ARCH = YES;
				SDKROOT = macosx;
			};
			name = Debug;
		};
		9682786E1C1F1BE600F502D9 /* Release */ = {
			isa = XCBuildConfiguration;
			buildSettings = {
				ALWAYS_SEARCH_USER_PATHS = NO;
				CLANG_CXX_LANGUAGE_STANDARD = "gnu++0x";
				CLANG_CXX_LIBRARY = "libc++";
				CLANG_ENABLE_MODULES = YES;
				CLANG_ENABLE_OBJC_ARC = YES;
				CLANG_WARN_BOOL_CONVERSION = YES;
				CLANG_WARN_CONSTANT_CONVERSION = YES;
				CLANG_WARN_DIRECT_OBJC_ISA_USAGE = YES_ERROR;
				CLANG_WARN_EMPTY_BODY = YES;
				CLANG_WARN_ENUM_CONVERSION = YES;
				CLANG_WARN_INT_CONVERSION = YES;
				CLANG_WARN_OBJC_ROOT_CLASS = YES_ERROR;
				CLANG_WARN_UNREACHABLE_CODE = YES;
				CLANG_WARN__DUPLICATE_METHOD_MATCH = YES;
				CODE_SIGN_IDENTITY = "-";
				COPY_PHASE_STRIP = NO;
				DEBUG_INFORMATION_FORMAT = "dwarf-with-dsym";
				ENABLE_NS_ASSERTIONS = NO;
				ENABLE_STRICT_OBJC_MSGSEND = YES;
				GCC_C_LANGUAGE_STANDARD = gnu99;
				GCC_NO_COMMON_BLOCKS = YES;
				GCC_WARN_64_TO_32_BIT_CONVERSION = YES;
				GCC_WARN_ABOUT_RETURN_TYPE = YES_ERROR;
				GCC_WARN_UNDECLARED_SELECTOR = YES;
				GCC_WARN_UNINITIALIZED_AUTOS = YES_AGGRESSIVE;
				GCC_WARN_UNUSED_FUNCTION = YES;
				GCC_WARN_UNUSED_VARIABLE = YES;
				MACOSX_DEPLOYMENT_TARGET = 10.11;
				MTL_ENABLE_DEBUG_INFO = NO;
				SDKROOT = macosx;
			};
			name = Release;
		};
		968278701C1F1BE600F502D9 /* Debug */ = {
			isa = XCBuildConfiguration;
			buildSettings = {
				PRODUCT_NAME = "$(TARGET_NAME)";
			};
			name = Debug;
		};
		968278711C1F1BE600F502D9 /* Release */ = {
			isa = XCBuildConfiguration;
			buildSettings = {
				PRODUCT_NAME = "$(TARGET_NAME)";
			};
			name = Release;
		};
/* End XCBuildConfiguration section */

/* Begin XCConfigurationList section */
		968278631C1F1BE600F502D9 /* Build configuration list for PBXProject "Remove_Duplicates_from_Sorted_Array" */ = {
			isa = XCConfigurationList;
			buildConfigurations = (
				9682786D1C1F1BE600F502D9 /* Debug */,
				9682786E1C1F1BE600F502D9 /* Release */,
			);
			defaultConfigurationIsVisible = 0;
			defaultConfigurationName = Release;
		};
		9682786F1C1F1BE600F502D9 /* Build configuration list for PBXNativeTarget "Remove_Duplicates_from_Sorted_Array" */ = {
			isa = XCConfigurationList;
			buildConfigurations = (
				968278701C1F1BE600F502D9 /* Debug */,
				968278711C1F1BE600F502D9 /* Release */,
			);
			defaultConfigurationIsVisible = 0;
		};
/* End XCConfigurationList section */
	};
	rootObject = 968278601C1F1BE600F502D9 /* Project object */;
}
