// !$*UTF8*$!
{
	archiveVersion = 1;
	classes = {
	};
	objectVersion = 46;
	objects = {

/* Begin PBXBuildFile section */
		96FD86331BC0D72600736248 /* main.cpp in Sources */ = {isa = PBXBuildFile; fileRef = 96FD86321BC0D72600736248 /* main.cpp */; };
/* End PBXBuildFile section */

/* Begin PBXCopyFilesBuildPhase section */
		96FD862D1BC0D72600736248 /* CopyFiles */ = {
			isa = PBXCopyFilesBuildPhase;
			buildActionMask = 2147483647;
			dstPath = /usr/share/man/man1/;
			dstSubfolderSpec = 0;
			files = (
			);
			runOnlyForDeploymentPostprocessing = 1;
		};
/* End PBXCopyFilesBuildPhase section */

/* Begin PBXFileReference section */
		96FD862F1BC0D72600736248 /* Container_With_Most_Water */ = {isa = PBXFileReference; explicitFileType = "compiled.mach-o.executable"; includeInIndex = 0; path = Container_With_Most_Water; sourceTree = BUILT_PRODUCTS_DIR; };
		96FD86321BC0D72600736248 /* main.cpp */ = {isa = PBXFileReference; lastKnownFileType = sourcecode.cpp.cpp; path = main.cpp; sourceTree = "<group>"; };
		96FD86391BC0D73300736248 /* solution.h */ = {isa = PBXFileReference; fileEncoding = 4; lastKnownFileType = sourcecode.c.h; path = solution.h; sourceTree = "<group>"; };
/* End PBXFileReference section */

/* Begin PBXFrameworksBuildPhase section */
		96FD862C1BC0D72600736248 /* Frameworks */ = {
			isa = PBXFrameworksBuildPhase;
			buildActionMask = 2147483647;
			files = (
			);
			runOnlyForDeploymentPostprocessing = 0;
		};
/* End PBXFrameworksBuildPhase section */

/* Begin PBXGroup section */
		96FD86261BC0D72600736248 = {
			isa = PBXGroup;
			children = (
				96FD86311BC0D72600736248 /* Container_With_Most_Water */,
				96FD86301BC0D72600736248 /* Products */,
			);
			sourceTree = "<group>";
		};
		96FD86301BC0D72600736248 /* Products */ = {
			isa = PBXGroup;
			children = (
				96FD862F1BC0D72600736248 /* Container_With_Most_Water */,
			);
			name = Products;
			sourceTree = "<group>";
		};
		96FD86311BC0D72600736248 /* Container_With_Most_Water */ = {
			isa = PBXGroup;
			children = (
				96FD86321BC0D72600736248 /* main.cpp */,
				96FD86391BC0D73300736248 /* solution.h */,
			);
			path = Container_With_Most_Water;
			sourceTree = "<group>";
		};
/* End PBXGroup section */

/* Begin PBXNativeTarget section */
		96FD862E1BC0D72600736248 /* Container_With_Most_Water */ = {
			isa = PBXNativeTarget;
			buildConfigurationList = 96FD86361BC0D72600736248 /* Build configuration list for PBXNativeTarget "Container_With_Most_Water" */;
			buildPhases = (
				96FD862B1BC0D72600736248 /* Sources */,
				96FD862C1BC0D72600736248 /* Frameworks */,
				96FD862D1BC0D72600736248 /* CopyFiles */,
			);
			buildRules = (
			);
			dependencies = (
			);
			name = Container_With_Most_Water;
			productName = Container_With_Most_Water;
			productReference = 96FD862F1BC0D72600736248 /* Container_With_Most_Water */;
			productType = "com.apple.product-type.tool";
		};
/* End PBXNativeTarget section */

/* Begin PBXProject section */
		96FD86271BC0D72600736248 /* Project object */ = {
			isa = PBXProject;
			attributes = {
				LastUpgradeCheck = 0700;
				ORGANIZATIONNAME = "中央政治局常委";
				TargetAttributes = {
					96FD862E1BC0D72600736248 = {
						CreatedOnToolsVersion = 7.0;
					};
				};
			};
			buildConfigurationList = 96FD862A1BC0D72600736248 /* Build configuration list for PBXProject "Container_With_Most_Water" */;
			compatibilityVersion = "Xcode 3.2";
			developmentRegion = English;
			hasScannedForEncodings = 0;
			knownRegions = (
				en,
			);
			mainGroup = 96FD86261BC0D72600736248;
			productRefGroup = 96FD86301BC0D72600736248 /* Products */;
			projectDirPath = "";
			projectRoot = "";
			targets = (
				96FD862E1BC0D72600736248 /* Container_With_Most_Water */,
			);
		};
/* End PBXProject section */

/* Begin PBXSourcesBuildPhase section */
		96FD862B1BC0D72600736248 /* Sources */ = {
			isa = PBXSourcesBuildPhase;
			buildActionMask = 2147483647;
			files = (
				96FD86331BC0D72600736248 /* main.cpp in Sources */,
			);
			runOnlyForDeploymentPostprocessing = 0;
		};
/* End PBXSourcesBuildPhase section */

/* Begin XCBuildConfiguration section */
		96FD86341BC0D72600736248 /* Debug */ = {
			isa = XCBuildConfiguration;
			buildSettings = {
				ALWAYS_SEARCH_USER_PATHS = NO;
				CLANG_CXX_LANGUAGE_STANDARD = "gnu++0x";
				CLANG_CXX_LIBRARY = "libc++";
				CLANG_ENABLE_MODULES = YES;
				CLANG_ENABLE_OBJC_ARC = YES;
				CLANG_WARN_BOOL_CONVERSION = YES;
				CLANG_WARN_CONSTANT_CONVERSION = YES;
				CLANG_WARN_DIRECT_OBJC_ISA_USAGE = YES_ERROR;
				CLANG_WARN_EMPTY_BODY = YES;
				CLANG_WARN_ENUM_CONVERSION = YES;
				CLANG_WARN_INT_CONVERSION = YES;
				CLANG_WARN_OBJC_ROOT_CLASS = YES_ERROR;
				CLANG_WARN_UNREACHABLE_CODE = YES;
				CLANG_WARN__DUPLICATE_METHOD_MATCH = YES;
				COPY_PHASE_STRIP = NO;
				DEBUG_INFORMATION_FORMAT = dwarf;
				ENABLE_STRICT_OBJC_MSGSEND = YES;
				ENABLE_TESTABILITY = YES;
				GCC_C_LANGUAGE_STANDARD = gnu99;
				GCC_DYNAMIC_NO_PIC = NO;
				GCC_NO_COMMON_BLOCKS = YES;
				GCC_OPTIMIZATION_LEVEL = 0;
				GCC_PREPROCESSOR_DEFINITIONS = (
					"DEBUG=1",
					"$(inherited)",
				);
				GCC_WARN_64_TO_32_BIT_CONVERSION = YES;
				GCC_WARN_ABOUT_RETURN_TYPE = YES_ERROR;
				GCC_WARN_UNDECLARED_SELECTOR = YES;
				GCC_WARN_UNINITIALIZED_AUTOS = YES_AGGRESSIVE;
				GCC_WARN_UNUSED_FUNCTION = YES;
				GCC_WARN_UNUSED_VARIABLE = YES;
				MACOSX_DEPLOYMENT_TARGET = 10.11;
				MTL_ENABLE_DEBUG_INFO = YES;
				ONLY_ACTIVE_ARCH = YES;
				SDKROOT = macosx;
			};
			name = Debug;
		};
		96FD86351BC0D72600736248 /* Release */ = {
			isa = XCBuildConfiguration;
			buildSettings = {
				ALWAYS_SEARCH_USER_PATHS = NO;
				CLANG_CXX_LANGUAGE_STANDARD = "gnu++0x";
				CLANG_CXX_LIBRARY = "libc++";
				CLANG_ENABLE_MODULES = YES;
				CLANG_ENABLE_OBJC_ARC = YES;
				CLANG_WARN_BOOL_CONVERSION = YES;
				CLANG_WARN_CONSTANT_CONVERSION = YES;
				CLANG_WARN_DIRECT_OBJC_ISA_USAGE = YES_ERROR;
				CLANG_WARN_EMPTY_BODY = YES;
				CLANG_WARN_ENUM_CONVERSION = YES;
				CLANG_WARN_INT_CONVERSION = YES;
				CLANG_WARN_OBJC_ROOT_CLASS = YES_ERROR;
				CLANG_WARN_UNREACHABLE_CODE = YES;
				CLANG_WARN__DUPLICATE_METHOD_MATCH = YES;
				COPY_PHASE_STRIP = NO;
				DEBUG_INFORMATION_FORMAT = "dwarf-with-dsym";
				ENABLE_NS_ASSERTIONS = NO;
				ENABLE_STRICT_OBJC_MSGSEND = YES;
				GCC_C_LANGUAGE_STANDARD = gnu99;
				GCC_NO_COMMON_BLOCKS = YES;
				GCC_WARN_64_TO_32_BIT_CONVERSION = YES;
				GCC_WARN_ABOUT_RETURN_TYPE = YES_ERROR;
				GCC_WARN_UNDECLARED_SELECTOR = YES;
				GCC_WARN_UNINITIALIZED_AUTOS = YES_AGGRESSIVE;
				GCC_WARN_UNUSED_FUNCTION = YES;
				GCC_WARN_UNUSED_VARIABLE = YES;
				MACOSX_DEPLOYMENT_TARGET = 10.11;
				MTL_ENABLE_DEBUG_INFO = NO;
				SDKROOT = macosx;
			};
			name = Release;
		};
		96FD86371BC0D72600736248 /* Debug */ = {
			isa = XCBuildConfiguration;
			buildSettings = {
				PRODUCT_NAME = "$(TARGET_NAME)";
			};
			name = Debug;
		};
		96FD86381BC0D72600736248 /* Release */ = {
			isa = XCBuildConfiguration;
			buildSettings = {
				PRODUCT_NAME = "$(TARGET_NAME)";
			};
			name = Release;
		};
/* End XCBuildConfiguration section */

/* Begin XCConfigurationList section */
		96FD862A1BC0D72600736248 /* Build configuration list for PBXProject "Container_With_Most_Water" */ = {
			isa = XCConfigurationList;
			buildConfigurations = (
				96FD86341BC0D72600736248 /* Debug */,
				96FD86351BC0D72600736248 /* Release */,
			);
			defaultConfigurationIsVisible = 0;
			defaultConfigurationName = Release;
		};
		96FD86361BC0D72600736248 /* Build configuration list for PBXNativeTarget "Container_With_Most_Water" */ = {
			isa = XCConfigurationList;
			buildConfigurations = (
				96FD86371BC0D72600736248 /* Debug */,
				96FD86381BC0D72600736248 /* Release */,
			);
			defaultConfigurationIsVisible = 0;
		};
/* End XCConfigurationList section */
	};
	rootObject = 96FD86271BC0D72600736248 /* Project object */;
}
