// !$*UTF8*$!
{
	archiveVersion = 1;
	classes = {
	};
	objectVersion = 46;
	objects = {

/* Begin PBXBuildFile section */
		963254441BC4EBAB00747853 /* main.cpp in Sources */ = {isa = PBXBuildFile; fileRef = 963254431BC4EBAB00747853 /* main.cpp */; };
/* End PBXBuildFile section */

/* Begin PBXCopyFilesBuildPhase section */
		9632543E1BC4EBAB00747853 /* CopyFiles */ = {
			isa = PBXCopyFilesBuildPhase;
			buildActionMask = 2147483647;
			dstPath = /usr/share/man/man1/;
			dstSubfolderSpec = 0;
			files = (
			);
			runOnlyForDeploymentPostprocessing = 1;
		};
/* End PBXCopyFilesBuildPhase section */

/* Begin PBXFileReference section */
		963254401BC4EBAB00747853 /* Best_Time_to_Buy_and_Sell_Stock_II */ = {isa = PBXFileReference; explicitFileType = "compiled.mach-o.executable"; includeInIndex = 0; path = Best_Time_to_Buy_and_Sell_Stock_II; sourceTree = BUILT_PRODUCTS_DIR; };
		963254431BC4EBAB00747853 /* main.cpp */ = {isa = PBXFileReference; lastKnownFileType = sourcecode.cpp.cpp; path = main.cpp; sourceTree = "<group>"; };
		9632544A1BC4EBB500747853 /* solution.h */ = {isa = PBXFileReference; lastKnownFileType = sourcecode.c.h; path = solution.h; sourceTree = "<group>"; };
/* End PBXFileReference section */

/* Begin PBXFrameworksBuildPhase section */
		9632543D1BC4EBAB00747853 /* Frameworks */ = {
			isa = PBXFrameworksBuildPhase;
			buildActionMask = 2147483647;
			files = (
			);
			runOnlyForDeploymentPostprocessing = 0;
		};
/* End PBXFrameworksBuildPhase section */

/* Begin PBXGroup section */
		963254371BC4EBAB00747853 = {
			isa = PBXGroup;
			children = (
				963254421BC4EBAB00747853 /* Best_Time_to_Buy_and_Sell_Stock_II */,
				963254411BC4EBAB00747853 /* Products */,
			);
			sourceTree = "<group>";
		};
		963254411BC4EBAB00747853 /* Products */ = {
			isa = PBXGroup;
			children = (
				963254401BC4EBAB00747853 /* Best_Time_to_Buy_and_Sell_Stock_II */,
			);
			name = Products;
			sourceTree = "<group>";
		};
		963254421BC4EBAB00747853 /* Best_Time_to_Buy_and_Sell_Stock_II */ = {
			isa = PBXGroup;
			children = (
				963254431BC4EBAB00747853 /* main.cpp */,
				9632544A1BC4EBB500747853 /* solution.h */,
			);
			path = Best_Time_to_Buy_and_Sell_Stock_II;
			sourceTree = "<group>";
		};
/* End PBXGroup section */

/* Begin PBXNativeTarget section */
		9632543F1BC4EBAB00747853 /* Best_Time_to_Buy_and_Sell_Stock_II */ = {
			isa = PBXNativeTarget;
			buildConfigurationList = 963254471BC4EBAB00747853 /* Build configuration list for PBXNativeTarget "Best_Time_to_Buy_and_Sell_Stock_II" */;
			buildPhases = (
				9632543C1BC4EBAB00747853 /* Sources */,
				9632543D1BC4EBAB00747853 /* Frameworks */,
				9632543E1BC4EBAB00747853 /* CopyFiles */,
			);
			buildRules = (
			);
			dependencies = (
			);
			name = Best_Time_to_Buy_and_Sell_Stock_II;
			productName = Best_Time_to_Buy_and_Sell_Stock_II;
			productReference = 963254401BC4EBAB00747853 /* Best_Time_to_Buy_and_Sell_Stock_II */;
			productType = "com.apple.product-type.tool";
		};
/* End PBXNativeTarget section */

/* Begin PBXProject section */
		963254381BC4EBAB00747853 /* Project object */ = {
			isa = PBXProject;
			attributes = {
				LastUpgradeCheck = 0700;
				ORGANIZATIONNAME = "中央政治局常委";
				TargetAttributes = {
					9632543F1BC4EBAB00747853 = {
						CreatedOnToolsVersion = 7.0;
					};
				};
			};
			buildConfigurationList = 9632543B1BC4EBAB00747853 /* Build configuration list for PBXProject "Best_Time_to_Buy_and_Sell_Stock_II" */;
			compatibilityVersion = "Xcode 3.2";
			developmentRegion = English;
			hasScannedForEncodings = 0;
			knownRegions = (
				en,
			);
			mainGroup = 963254371BC4EBAB00747853;
			productRefGroup = 963254411BC4EBAB00747853 /* Products */;
			projectDirPath = "";
			projectRoot = "";
			targets = (
				9632543F1BC4EBAB00747853 /* Best_Time_to_Buy_and_Sell_Stock_II */,
			);
		};
/* End PBXProject section */

/* Begin PBXSourcesBuildPhase section */
		9632543C1BC4EBAB00747853 /* Sources */ = {
			isa = PBXSourcesBuildPhase;
			buildActionMask = 2147483647;
			files = (
				963254441BC4EBAB00747853 /* main.cpp in Sources */,
			);
			runOnlyForDeploymentPostprocessing = 0;
		};
/* End PBXSourcesBuildPhase section */

/* Begin XCBuildConfiguration section */
		963254451BC4EBAB00747853 /* Debug */ = {
			isa = XCBuildConfiguration;
			buildSettings = {
				ALWAYS_SEARCH_USER_PATHS = NO;
				CLANG_CXX_LANGUAGE_STANDARD = "gnu++0x";
				CLANG_CXX_LIBRARY = "libc++";
				CLANG_ENABLE_MODULES = YES;
				CLANG_ENABLE_OBJC_ARC = YES;
				CLANG_WARN_BOOL_CONVERSION = YES;
				CLANG_WARN_CONSTANT_CONVERSION = YES;
				CLANG_WARN_DIRECT_OBJC_ISA_USAGE = YES_ERROR;
				CLANG_WARN_EMPTY_BODY = YES;
				CLANG_WARN_ENUM_CONVERSION = YES;
				CLANG_WARN_INT_CONVERSION = YES;
				CLANG_WARN_OBJC_ROOT_CLASS = YES_ERROR;
				CLANG_WARN_UNREACHABLE_CODE = YES;
				CLANG_WARN__DUPLICATE_METHOD_MATCH = YES;
				COPY_PHASE_STRIP = NO;
				DEBUG_INFORMATION_FORMAT = dwarf;
				ENABLE_STRICT_OBJC_MSGSEND = YES;
				ENABLE_TESTABILITY = YES;
				GCC_C_LANGUAGE_STANDARD = gnu99;
				GCC_DYNAMIC_NO_PIC = NO;
				GCC_NO_COMMON_BLOCKS = YES;
				GCC_OPTIMIZATION_LEVEL = 0;
				GCC_PREPROCESSOR_DEFINITIONS = (
					"DEBUG=1",
					"$(inherited)",
				);
				GCC_WARN_64_TO_32_BIT_CONVERSION = YES;
				GCC_WARN_ABOUT_RETURN_TYPE = YES_ERROR;
				GCC_WARN_UNDECLARED_SELECTOR = YES;
				GCC_WARN_UNINITIALIZED_AUTOS = YES_AGGRESSIVE;
				GCC_WARN_UNUSED_FUNCTION = YES;
				GCC_WARN_UNUSED_VARIABLE = YES;
				MACOSX_DEPLOYMENT_TARGET = 10.11;
				MTL_ENABLE_DEBUG_INFO = YES;
				ONLY_ACTIVE_ARCH = YES;
				SDKROOT = macosx;
			};
			name = Debug;
		};
		963254461BC4EBAB00747853 /* Release */ = {
			isa = XCBuildConfiguration;
			buildSettings = {
				ALWAYS_SEARCH_USER_PATHS = NO;
				CLANG_CXX_LANGUAGE_STANDARD = "gnu++0x";
				CLANG_CXX_LIBRARY = "libc++";
				CLANG_ENABLE_MODULES = YES;
				CLANG_ENABLE_OBJC_ARC = YES;
				CLANG_WARN_BOOL_CONVERSION = YES;
				CLANG_WARN_CONSTANT_CONVERSION = YES;
				CLANG_WARN_DIRECT_OBJC_ISA_USAGE = YES_ERROR;
				CLANG_WARN_EMPTY_BODY = YES;
				CLANG_WARN_ENUM_CONVERSION = YES;
				CLANG_WARN_INT_CONVERSION = YES;
				CLANG_WARN_OBJC_ROOT_CLASS = YES_ERROR;
				CLANG_WARN_UNREACHABLE_CODE = YES;
				CLANG_WARN__DUPLICATE_METHOD_MATCH = YES;
				COPY_PHASE_STRIP = NO;
				DEBUG_INFORMATION_FORMAT = "dwarf-with-dsym";
				ENABLE_NS_ASSERTIONS = NO;
				ENABLE_STRICT_OBJC_MSGSEND = YES;
				GCC_C_LANGUAGE_STANDARD = gnu99;
				GCC_NO_COMMON_BLOCKS = YES;
				GCC_WARN_64_TO_32_BIT_CONVERSION = YES;
				GCC_WARN_ABOUT_RETURN_TYPE = YES_ERROR;
				GCC_WARN_UNDECLARED_SELECTOR = YES;
				GCC_WARN_UNINITIALIZED_AUTOS = YES_AGGRESSIVE;
				GCC_WARN_UNUSED_FUNCTION = YES;
				GCC_WARN_UNUSED_VARIABLE = YES;
				MACOSX_DEPLOYMENT_TARGET = 10.11;
				MTL_ENABLE_DEBUG_INFO = NO;
				SDKROOT = macosx;
			};
			name = Release;
		};
		963254481BC4EBAB00747853 /* Debug */ = {
			isa = XCBuildConfiguration;
			buildSettings = {
				PRODUCT_NAME = "$(TARGET_NAME)";
			};
			name = Debug;
		};
		963254491BC4EBAB00747853 /* Release */ = {
			isa = XCBuildConfiguration;
			buildSettings = {
				PRODUCT_NAME = "$(TARGET_NAME)";
			};
			name = Release;
		};
/* End XCBuildConfiguration section */

/* Begin XCConfigurationList section */
		9632543B1BC4EBAB00747853 /* Build configuration list for PBXProject "Best_Time_to_Buy_and_Sell_Stock_II" */ = {
			isa = XCConfigurationList;
			buildConfigurations = (
				963254451BC4EBAB00747853 /* Debug */,
				963254461BC4EBAB00747853 /* Release */,
			);
			defaultConfigurationIsVisible = 0;
			defaultConfigurationName = Release;
		};
		963254471BC4EBAB00747853 /* Build configuration list for PBXNativeTarget "Best_Time_to_Buy_and_Sell_Stock_II" */ = {
			isa = XCConfigurationList;
			buildConfigurations = (
				963254481BC4EBAB00747853 /* Debug */,
				963254491BC4EBAB00747853 /* Release */,
			);
			defaultConfigurationIsVisible = 0;
		};
/* End XCConfigurationList section */
	};
	rootObject = 963254381BC4EBAB00747853 /* Project object */;
}
