// !$*UTF8*$!
{
	archiveVersion = 1;
	classes = {
	};
	objectVersion = 46;
	objects = {

/* Begin PBXBuildFile section */
		96F90B991BD91A7D00D86366 /* main.cpp in Sources */ = {isa = PBXBuildFile; fileRef = 96F90B981BD91A7D00D86366 /* main.cpp */; };
/* End PBXBuildFile section */

/* Begin PBXCopyFilesBuildPhase section */
		96F90B931BD91A7D00D86366 /* CopyFiles */ = {
			isa = PBXCopyFilesBuildPhase;
			buildActionMask = 2147483647;
			dstPath = /usr/share/man/man1/;
			dstSubfolderSpec = 0;
			files = (
			);
			runOnlyForDeploymentPostprocessing = 1;
		};
/* End PBXCopyFilesBuildPhase section */

/* Begin PBXFileReference section */
		96F90B951BD91A7D00D86366 /* Binary_Tree_Inorder_Traversal */ = {isa = PBXFileReference; explicitFileType = "compiled.mach-o.executable"; includeInIndex = 0; path = Binary_Tree_Inorder_Traversal; sourceTree = BUILT_PRODUCTS_DIR; };
		96F90B981BD91A7D00D86366 /* main.cpp */ = {isa = PBXFileReference; lastKnownFileType = sourcecode.cpp.cpp; path = main.cpp; sourceTree = "<group>"; };
		96F90B9F1BD91A8700D86366 /* solution.h */ = {isa = PBXFileReference; fileEncoding = 4; lastKnownFileType = sourcecode.c.h; path = solution.h; sourceTree = "<group>"; };
/* End PBXFileReference section */

/* Begin PBXFrameworksBuildPhase section */
		96F90B921BD91A7D00D86366 /* Frameworks */ = {
			isa = PBXFrameworksBuildPhase;
			buildActionMask = 2147483647;
			files = (
			);
			runOnlyForDeploymentPostprocessing = 0;
		};
/* End PBXFrameworksBuildPhase section */

/* Begin PBXGroup section */
		96F90B8C1BD91A7D00D86366 = {
			isa = PBXGroup;
			children = (
				96F90B971BD91A7D00D86366 /* Binary_Tree_Inorder_Traversal */,
				96F90B961BD91A7D00D86366 /* Products */,
			);
			sourceTree = "<group>";
		};
		96F90B961BD91A7D00D86366 /* Products */ = {
			isa = PBXGroup;
			children = (
				96F90B951BD91A7D00D86366 /* Binary_Tree_Inorder_Traversal */,
			);
			name = Products;
			sourceTree = "<group>";
		};
		96F90B971BD91A7D00D86366 /* Binary_Tree_Inorder_Traversal */ = {
			isa = PBXGroup;
			children = (
				96F90B981BD91A7D00D86366 /* main.cpp */,
				96F90B9F1BD91A8700D86366 /* solution.h */,
			);
			path = Binary_Tree_Inorder_Traversal;
			sourceTree = "<group>";
		};
/* End PBXGroup section */

/* Begin PBXNativeTarget section */
		96F90B941BD91A7D00D86366 /* Binary_Tree_Inorder_Traversal */ = {
			isa = PBXNativeTarget;
			buildConfigurationList = 96F90B9C1BD91A7D00D86366 /* Build configuration list for PBXNativeTarget "Binary_Tree_Inorder_Traversal" */;
			buildPhases = (
				96F90B911BD91A7D00D86366 /* Sources */,
				96F90B921BD91A7D00D86366 /* Frameworks */,
				96F90B931BD91A7D00D86366 /* CopyFiles */,
			);
			buildRules = (
			);
			dependencies = (
			);
			name = Binary_Tree_Inorder_Traversal;
			productName = Binary_Tree_Inorder_Traversal;
			productReference = 96F90B951BD91A7D00D86366 /* Binary_Tree_Inorder_Traversal */;
			productType = "com.apple.product-type.tool";
		};
/* End PBXNativeTarget section */

/* Begin PBXProject section */
		96F90B8D1BD91A7D00D86366 /* Project object */ = {
			isa = PBXProject;
			attributes = {
				LastUpgradeCheck = 0700;
				ORGANIZATIONNAME = "中央政治局常委";
				TargetAttributes = {
					96F90B941BD91A7D00D86366 = {
						CreatedOnToolsVersion = 7.0;
					};
				};
			};
			buildConfigurationList = 96F90B901BD91A7D00D86366 /* Build configuration list for PBXProject "Binary_Tree_Inorder_Traversal" */;
			compatibilityVersion = "Xcode 3.2";
			developmentRegion = English;
			hasScannedForEncodings = 0;
			knownRegions = (
				en,
			);
			mainGroup = 96F90B8C1BD91A7D00D86366;
			productRefGroup = 96F90B961BD91A7D00D86366 /* Products */;
			projectDirPath = "";
			projectRoot = "";
			targets = (
				96F90B941BD91A7D00D86366 /* Binary_Tree_Inorder_Traversal */,
			);
		};
/* End PBXProject section */

/* Begin PBXSourcesBuildPhase section */
		96F90B911BD91A7D00D86366 /* Sources */ = {
			isa = PBXSourcesBuildPhase;
			buildActionMask = 2147483647;
			files = (
				96F90B991BD91A7D00D86366 /* main.cpp in Sources */,
			);
			runOnlyForDeploymentPostprocessing = 0;
		};
/* End PBXSourcesBuildPhase section */

/* Begin XCBuildConfiguration section */
		96F90B9A1BD91A7D00D86366 /* Debug */ = {
			isa = XCBuildConfiguration;
			buildSettings = {
				ALWAYS_SEARCH_USER_PATHS = NO;
				CLANG_CXX_LANGUAGE_STANDARD = "gnu++0x";
				CLANG_CXX_LIBRARY = "libc++";
				CLANG_ENABLE_MODULES = YES;
				CLANG_ENABLE_OBJC_ARC = YES;
				CLANG_WARN_BOOL_CONVERSION = YES;
				CLANG_WARN_CONSTANT_CONVERSION = YES;
				CLANG_WARN_DIRECT_OBJC_ISA_USAGE = YES_ERROR;
				CLANG_WARN_EMPTY_BODY = YES;
				CLANG_WARN_ENUM_CONVERSION = YES;
				CLANG_WARN_INT_CONVERSION = YES;
				CLANG_WARN_OBJC_ROOT_CLASS = YES_ERROR;
				CLANG_WARN_UNREACHABLE_CODE = YES;
				CLANG_WARN__DUPLICATE_METHOD_MATCH = YES;
				COPY_PHASE_STRIP = NO;
				DEBUG_INFORMATION_FORMAT = dwarf;
				ENABLE_STRICT_OBJC_MSGSEND = YES;
				ENABLE_TESTABILITY = YES;
				GCC_C_LANGUAGE_STANDARD = gnu99;
				GCC_DYNAMIC_NO_PIC = NO;
				GCC_NO_COMMON_BLOCKS = YES;
				GCC_OPTIMIZATION_LEVEL = 0;
				GCC_PREPROCESSOR_DEFINITIONS = (
					"DEBUG=1",
					"$(inherited)",
				);
				GCC_WARN_64_TO_32_BIT_CONVERSION = YES;
				GCC_WARN_ABOUT_RETURN_TYPE = YES_ERROR;
				GCC_WARN_UNDECLARED_SELECTOR = YES;
				GCC_WARN_UNINITIALIZED_AUTOS = YES_AGGRESSIVE;
				GCC_WARN_UNUSED_FUNCTION = YES;
				GCC_WARN_UNUSED_VARIABLE = YES;
				MACOSX_DEPLOYMENT_TARGET = 10.11;
				MTL_ENABLE_DEBUG_INFO = YES;
				ONLY_ACTIVE_ARCH = YES;
				SDKROOT = macosx;
			};
			name = Debug;
		};
		96F90B9B1BD91A7D00D86366 /* Release */ = {
			isa = XCBuildConfiguration;
			buildSettings = {
				ALWAYS_SEARCH_USER_PATHS = NO;
				CLANG_CXX_LANGUAGE_STANDARD = "gnu++0x";
				CLANG_CXX_LIBRARY = "libc++";
				CLANG_ENABLE_MODULES = YES;
				CLANG_ENABLE_OBJC_ARC = YES;
				CLANG_WARN_BOOL_CONVERSION = YES;
				CLANG_WARN_CONSTANT_CONVERSION = YES;
				CLANG_WARN_DIRECT_OBJC_ISA_USAGE = YES_ERROR;
				CLANG_WARN_EMPTY_BODY = YES;
				CLANG_WARN_ENUM_CONVERSION = YES;
				CLANG_WARN_INT_CONVERSION = YES;
				CLANG_WARN_OBJC_ROOT_CLASS = YES_ERROR;
				CLANG_WARN_UNREACHABLE_CODE = YES;
				CLANG_WARN__DUPLICATE_METHOD_MATCH = YES;
				COPY_PHASE_STRIP = NO;
				DEBUG_INFORMATION_FORMAT = "dwarf-with-dsym";
				ENABLE_NS_ASSERTIONS = NO;
				ENABLE_STRICT_OBJC_MSGSEND = YES;
				GCC_C_LANGUAGE_STANDARD = gnu99;
				GCC_NO_COMMON_BLOCKS = YES;
				GCC_WARN_64_TO_32_BIT_CONVERSION = YES;
				GCC_WARN_ABOUT_RETURN_TYPE = YES_ERROR;
				GCC_WARN_UNDECLARED_SELECTOR = YES;
				GCC_WARN_UNINITIALIZED_AUTOS = YES_AGGRESSIVE;
				GCC_WARN_UNUSED_FUNCTION = YES;
				GCC_WARN_UNUSED_VARIABLE = YES;
				MACOSX_DEPLOYMENT_TARGET = 10.11;
				MTL_ENABLE_DEBUG_INFO = NO;
				SDKROOT = macosx;
			};
			name = Release;
		};
		96F90B9D1BD91A7D00D86366 /* Debug */ = {
			isa = XCBuildConfiguration;
			buildSettings = {
				PRODUCT_NAME = "$(TARGET_NAME)";
			};
			name = Debug;
		};
		96F90B9E1BD91A7D00D86366 /* Release */ = {
			isa = XCBuildConfiguration;
			buildSettings = {
				PRODUCT_NAME = "$(TARGET_NAME)";
			};
			name = Release;
		};
/* End XCBuildConfiguration section */

/* Begin XCConfigurationList section */
		96F90B901BD91A7D00D86366 /* Build configuration list for PBXProject "Binary_Tree_Inorder_Traversal" */ = {
			isa = XCConfigurationList;
			buildConfigurations = (
				96F90B9A1BD91A7D00D86366 /* Debug */,
				96F90B9B1BD91A7D00D86366 /* Release */,
			);
			defaultConfigurationIsVisible = 0;
			defaultConfigurationName = Release;
		};
		96F90B9C1BD91A7D00D86366 /* Build configuration list for PBXNativeTarget "Binary_Tree_Inorder_Traversal" */ = {
			isa = XCConfigurationList;
			buildConfigurations = (
				96F90B9D1BD91A7D00D86366 /* Debug */,
				96F90B9E1BD91A7D00D86366 /* Release */,
			);
			defaultConfigurationIsVisible = 0;
		};
/* End XCConfigurationList section */
	};
	rootObject = 96F90B8D1BD91A7D00D86366 /* Project object */;
}
