// !$*UTF8*$!
{
	archiveVersion = 1;
	classes = {
	};
	objectVersion = 46;
	objects = {

/* Begin PBXBuildFile section */
		96B2512A1C127E060024D7B5 /* main.cpp in Sources */ = {isa = PBXBuildFile; fileRef = 96B251291C127E060024D7B5 /* main.cpp */; };
/* End PBXBuildFile section */

/* Begin PBXCopyFilesBuildPhase section */
		96B251241C127E060024D7B5 /* CopyFiles */ = {
			isa = PBXCopyFilesBuildPhase;
			buildActionMask = 2147483647;
			dstPath = /usr/share/man/man1/;
			dstSubfolderSpec = 0;
			files = (
			);
			runOnlyForDeploymentPostprocessing = 1;
		};
/* End PBXCopyFilesBuildPhase section */

/* Begin PBXFileReference section */
		96B251261C127E060024D7B5 /* Binary_Tree_Maximum_Path_Sum */ = {isa = PBXFileReference; explicitFileType = "compiled.mach-o.executable"; includeInIndex = 0; path = Binary_Tree_Maximum_Path_Sum; sourceTree = BUILT_PRODUCTS_DIR; };
		96B251291C127E060024D7B5 /* main.cpp */ = {isa = PBXFileReference; lastKnownFileType = sourcecode.cpp.cpp; path = main.cpp; sourceTree = "<group>"; };
		96B251301C127E110024D7B5 /* solution.h */ = {isa = PBXFileReference; fileEncoding = 4; lastKnownFileType = sourcecode.c.h; path = solution.h; sourceTree = "<group>"; };
/* End PBXFileReference section */

/* Begin PBXFrameworksBuildPhase section */
		96B251231C127E060024D7B5 /* Frameworks */ = {
			isa = PBXFrameworksBuildPhase;
			buildActionMask = 2147483647;
			files = (
			);
			runOnlyForDeploymentPostprocessing = 0;
		};
/* End PBXFrameworksBuildPhase section */

/* Begin PBXGroup section */
		96B2511D1C127E060024D7B5 = {
			isa = PBXGroup;
			children = (
				96B251281C127E060024D7B5 /* Binary_Tree_Maximum_Path_Sum */,
				96B251271C127E060024D7B5 /* Products */,
			);
			sourceTree = "<group>";
		};
		96B251271C127E060024D7B5 /* Products */ = {
			isa = PBXGroup;
			children = (
				96B251261C127E060024D7B5 /* Binary_Tree_Maximum_Path_Sum */,
			);
			name = Products;
			sourceTree = "<group>";
		};
		96B251281C127E060024D7B5 /* Binary_Tree_Maximum_Path_Sum */ = {
			isa = PBXGroup;
			children = (
				96B251291C127E060024D7B5 /* main.cpp */,
				96B251301C127E110024D7B5 /* solution.h */,
			);
			path = Binary_Tree_Maximum_Path_Sum;
			sourceTree = "<group>";
		};
/* End PBXGroup section */

/* Begin PBXNativeTarget section */
		96B251251C127E060024D7B5 /* Binary_Tree_Maximum_Path_Sum */ = {
			isa = PBXNativeTarget;
			buildConfigurationList = 96B2512D1C127E060024D7B5 /* Build configuration list for PBXNativeTarget "Binary_Tree_Maximum_Path_Sum" */;
			buildPhases = (
				96B251221C127E060024D7B5 /* Sources */,
				96B251231C127E060024D7B5 /* Frameworks */,
				96B251241C127E060024D7B5 /* CopyFiles */,
			);
			buildRules = (
			);
			dependencies = (
			);
			name = Binary_Tree_Maximum_Path_Sum;
			productName = Binary_Tree_Maximum_Path_Sum;
			productReference = 96B251261C127E060024D7B5 /* Binary_Tree_Maximum_Path_Sum */;
			productType = "com.apple.product-type.tool";
		};
/* End PBXNativeTarget section */

/* Begin PBXProject section */
		96B2511E1C127E060024D7B5 /* Project object */ = {
			isa = PBXProject;
			attributes = {
				LastUpgradeCheck = 0710;
				ORGANIZATIONNAME = "中央政治局常委";
				TargetAttributes = {
					96B251251C127E060024D7B5 = {
						CreatedOnToolsVersion = 7.1;
					};
				};
			};
			buildConfigurationList = 96B251211C127E060024D7B5 /* Build configuration list for PBXProject "Binary_Tree_Maximum_Path_Sum" */;
			compatibilityVersion = "Xcode 3.2";
			developmentRegion = English;
			hasScannedForEncodings = 0;
			knownRegions = (
				en,
			);
			mainGroup = 96B2511D1C127E060024D7B5;
			productRefGroup = 96B251271C127E060024D7B5 /* Products */;
			projectDirPath = "";
			projectRoot = "";
			targets = (
				96B251251C127E060024D7B5 /* Binary_Tree_Maximum_Path_Sum */,
			);
		};
/* End PBXProject section */

/* Begin PBXSourcesBuildPhase section */
		96B251221C127E060024D7B5 /* Sources */ = {
			isa = PBXSourcesBuildPhase;
			buildActionMask = 2147483647;
			files = (
				96B2512A1C127E060024D7B5 /* main.cpp in Sources */,
			);
			runOnlyForDeploymentPostprocessing = 0;
		};
/* End PBXSourcesBuildPhase section */

/* Begin XCBuildConfiguration section */
		96B2512B1C127E060024D7B5 /* Debug */ = {
			isa = XCBuildConfiguration;
			buildSettings = {
				ALWAYS_SEARCH_USER_PATHS = NO;
				CLANG_CXX_LANGUAGE_STANDARD = "gnu++0x";
				CLANG_CXX_LIBRARY = "libc++";
				CLANG_ENABLE_MODULES = YES;
				CLANG_ENABLE_OBJC_ARC = YES;
				CLANG_WARN_BOOL_CONVERSION = YES;
				CLANG_WARN_CONSTANT_CONVERSION = YES;
				CLANG_WARN_DIRECT_OBJC_ISA_USAGE = YES_ERROR;
				CLANG_WARN_EMPTY_BODY = YES;
				CLANG_WARN_ENUM_CONVERSION = YES;
				CLANG_WARN_INT_CONVERSION = YES;
				CLANG_WARN_OBJC_ROOT_CLASS = YES_ERROR;
				CLANG_WARN_UNREACHABLE_CODE = YES;
				CLANG_WARN__DUPLICATE_METHOD_MATCH = YES;
				CODE_SIGN_IDENTITY = "-";
				COPY_PHASE_STRIP = NO;
				DEBUG_INFORMATION_FORMAT = dwarf;
				ENABLE_STRICT_OBJC_MSGSEND = YES;
				ENABLE_TESTABILITY = YES;
				GCC_C_LANGUAGE_STANDARD = gnu99;
				GCC_DYNAMIC_NO_PIC = NO;
				GCC_NO_COMMON_BLOCKS = YES;
				GCC_OPTIMIZATION_LEVEL = 0;
				GCC_PREPROCESSOR_DEFINITIONS = (
					"DEBUG=1",
					"$(inherited)",
				);
				GCC_WARN_64_TO_32_BIT_CONVERSION = YES;
				GCC_WARN_ABOUT_RETURN_TYPE = YES_ERROR;
				GCC_WARN_UNDECLARED_SELECTOR = YES;
				GCC_WARN_UNINITIALIZED_AUTOS = YES_AGGRESSIVE;
				GCC_WARN_UNUSED_FUNCTION = YES;
				GCC_WARN_UNUSED_VARIABLE = YES;
				MACOSX_DEPLOYMENT_TARGET = 10.11;
				MTL_ENABLE_DEBUG_INFO = YES;
				ONLY_ACTIVE_ARCH = YES;
				SDKROOT = macosx;
			};
			name = Debug;
		};
		96B2512C1C127E060024D7B5 /* Release */ = {
			isa = XCBuildConfiguration;
			buildSettings = {
				ALWAYS_SEARCH_USER_PATHS = NO;
				CLANG_CXX_LANGUAGE_STANDARD = "gnu++0x";
				CLANG_CXX_LIBRARY = "libc++";
				CLANG_ENABLE_MODULES = YES;
				CLANG_ENABLE_OBJC_ARC = YES;
				CLANG_WARN_BOOL_CONVERSION = YES;
				CLANG_WARN_CONSTANT_CONVERSION = YES;
				CLANG_WARN_DIRECT_OBJC_ISA_USAGE = YES_ERROR;
				CLANG_WARN_EMPTY_BODY = YES;
				CLANG_WARN_ENUM_CONVERSION = YES;
				CLANG_WARN_INT_CONVERSION = YES;
				CLANG_WARN_OBJC_ROOT_CLASS = YES_ERROR;
				CLANG_WARN_UNREACHABLE_CODE = YES;
				CLANG_WARN__DUPLICATE_METHOD_MATCH = YES;
				CODE_SIGN_IDENTITY = "-";
				COPY_PHASE_STRIP = NO;
				DEBUG_INFORMATION_FORMAT = "dwarf-with-dsym";
				ENABLE_NS_ASSERTIONS = NO;
				ENABLE_STRICT_OBJC_MSGSEND = YES;
				GCC_C_LANGUAGE_STANDARD = gnu99;
				GCC_NO_COMMON_BLOCKS = YES;
				GCC_WARN_64_TO_32_BIT_CONVERSION = YES;
				GCC_WARN_ABOUT_RETURN_TYPE = YES_ERROR;
				GCC_WARN_UNDECLARED_SELECTOR = YES;
				GCC_WARN_UNINITIALIZED_AUTOS = YES_AGGRESSIVE;
				GCC_WARN_UNUSED_FUNCTION = YES;
				GCC_WARN_UNUSED_VARIABLE = YES;
				MACOSX_DEPLOYMENT_TARGET = 10.11;
				MTL_ENABLE_DEBUG_INFO = NO;
				SDKROOT = macosx;
			};
			name = Release;
		};
		96B2512E1C127E060024D7B5 /* Debug */ = {
			isa = XCBuildConfiguration;
			buildSettings = {
				PRODUCT_NAME = "$(TARGET_NAME)";
			};
			name = Debug;
		};
		96B2512F1C127E060024D7B5 /* Release */ = {
			isa = XCBuildConfiguration;
			buildSettings = {
				PRODUCT_NAME = "$(TARGET_NAME)";
			};
			name = Release;
		};
/* End XCBuildConfiguration section */

/* Begin XCConfigurationList section */
		96B251211C127E060024D7B5 /* Build configuration list for PBXProject "Binary_Tree_Maximum_Path_Sum" */ = {
			isa = XCConfigurationList;
			buildConfigurations = (
				96B2512B1C127E060024D7B5 /* Debug */,
				96B2512C1C127E060024D7B5 /* Release */,
			);
			defaultConfigurationIsVisible = 0;
			defaultConfigurationName = Release;
		};
		96B2512D1C127E060024D7B5 /* Build configuration list for PBXNativeTarget "Binary_Tree_Maximum_Path_Sum" */ = {
			isa = XCConfigurationList;
			buildConfigurations = (
				96B2512E1C127E060024D7B5 /* Debug */,
				96B2512F1C127E060024D7B5 /* Release */,
			);
			defaultConfigurationIsVisible = 0;
		};
/* End XCConfigurationList section */
	};
	rootObject = 96B2511E1C127E060024D7B5 /* Project object */;
}
