// !$*UTF8*$!
{
	archiveVersion = 1;
	classes = {
	};
	objectVersion = 46;
	objects = {

/* Begin PBXBuildFile section */
		967359FD1C21601600F68249 /* main.cpp in Sources */ = {isa = PBXBuildFile; fileRef = 967359FC1C21601600F68249 /* main.cpp */; };
/* End PBXBuildFile section */

/* Begin PBXCopyFilesBuildPhase section */
		967359F71C21601600F68249 /* CopyFiles */ = {
			isa = PBXCopyFilesBuildPhase;
			buildActionMask = 2147483647;
			dstPath = /usr/share/man/man1/;
			dstSubfolderSpec = 0;
			files = (
			);
			runOnlyForDeploymentPostprocessing = 1;
		};
/* End PBXCopyFilesBuildPhase section */

/* Begin PBXFileReference section */
		967359F91C21601600F68249 /* Maximum_Product_of_Word_Lengths */ = {isa = PBXFileReference; explicitFileType = "compiled.mach-o.executable"; includeInIndex = 0; path = Maximum_Product_of_Word_Lengths; sourceTree = BUILT_PRODUCTS_DIR; };
		967359FC1C21601600F68249 /* main.cpp */ = {isa = PBXFileReference; lastKnownFileType = sourcecode.cpp.cpp; path = main.cpp; sourceTree = "<group>"; };
/* End PBXFileReference section */

/* Begin PBXFrameworksBuildPhase section */
		967359F61C21601600F68249 /* Frameworks */ = {
			isa = PBXFrameworksBuildPhase;
			buildActionMask = 2147483647;
			files = (
			);
			runOnlyForDeploymentPostprocessing = 0;
		};
/* End PBXFrameworksBuildPhase section */

/* Begin PBXGroup section */
		967359F01C21601600F68249 = {
			isa = PBXGroup;
			children = (
				967359FB1C21601600F68249 /* Maximum_Product_of_Word_Lengths */,
				967359FA1C21601600F68249 /* Products */,
			);
			sourceTree = "<group>";
		};
		967359FA1C21601600F68249 /* Products */ = {
			isa = PBXGroup;
			children = (
				967359F91C21601600F68249 /* Maximum_Product_of_Word_Lengths */,
			);
			name = Products;
			sourceTree = "<group>";
		};
		967359FB1C21601600F68249 /* Maximum_Product_of_Word_Lengths */ = {
			isa = PBXGroup;
			children = (
				967359FC1C21601600F68249 /* main.cpp */,
			);
			path = Maximum_Product_of_Word_Lengths;
			sourceTree = "<group>";
		};
/* End PBXGroup section */

/* Begin PBXNativeTarget section */
		967359F81C21601600F68249 /* Maximum_Product_of_Word_Lengths */ = {
			isa = PBXNativeTarget;
			buildConfigurationList = 96735A001C21601600F68249 /* Build configuration list for PBXNativeTarget "Maximum_Product_of_Word_Lengths" */;
			buildPhases = (
				967359F51C21601600F68249 /* Sources */,
				967359F61C21601600F68249 /* Frameworks */,
				967359F71C21601600F68249 /* CopyFiles */,
			);
			buildRules = (
			);
			dependencies = (
			);
			name = Maximum_Product_of_Word_Lengths;
			productName = Maximum_Product_of_Word_Lengths;
			productReference = 967359F91C21601600F68249 /* Maximum_Product_of_Word_Lengths */;
			productType = "com.apple.product-type.tool";
		};
/* End PBXNativeTarget section */

/* Begin PBXProject section */
		967359F11C21601600F68249 /* Project object */ = {
			isa = PBXProject;
			attributes = {
				LastUpgradeCheck = 0710;
				ORGANIZATIONNAME = "中央政治局常委";
				TargetAttributes = {
					967359F81C21601600F68249 = {
						CreatedOnToolsVersion = 7.1;
					};
				};
			};
			buildConfigurationList = 967359F41C21601600F68249 /* Build configuration list for PBXProject "Maximum_Product_of_Word_Lengths" */;
			compatibilityVersion = "Xcode 3.2";
			developmentRegion = English;
			hasScannedForEncodings = 0;
			knownRegions = (
				en,
			);
			mainGroup = 967359F01C21601600F68249;
			productRefGroup = 967359FA1C21601600F68249 /* Products */;
			projectDirPath = "";
			projectRoot = "";
			targets = (
				967359F81C21601600F68249 /* Maximum_Product_of_Word_Lengths */,
			);
		};
/* End PBXProject section */

/* Begin PBXSourcesBuildPhase section */
		967359F51C21601600F68249 /* Sources */ = {
			isa = PBXSourcesBuildPhase;
			buildActionMask = 2147483647;
			files = (
				967359FD1C21601600F68249 /* main.cpp in Sources */,
			);
			runOnlyForDeploymentPostprocessing = 0;
		};
/* End PBXSourcesBuildPhase section */

/* Begin XCBuildConfiguration section */
		967359FE1C21601600F68249 /* Debug */ = {
			isa = XCBuildConfiguration;
			buildSettings = {
				ALWAYS_SEARCH_USER_PATHS = NO;
				CLANG_CXX_LANGUAGE_STANDARD = "gnu++0x";
				CLANG_CXX_LIBRARY = "libc++";
				CLANG_ENABLE_MODULES = YES;
				CLANG_ENABLE_OBJC_ARC = YES;
				CLANG_WARN_BOOL_CONVERSION = YES;
				CLANG_WARN_CONSTANT_CONVERSION = YES;
				CLANG_WARN_DIRECT_OBJC_ISA_USAGE = YES_ERROR;
				CLANG_WARN_EMPTY_BODY = YES;
				CLANG_WARN_ENUM_CONVERSION = YES;
				CLANG_WARN_INT_CONVERSION = YES;
				CLANG_WARN_OBJC_ROOT_CLASS = YES_ERROR;
				CLANG_WARN_UNREACHABLE_CODE = YES;
				CLANG_WARN__DUPLICATE_METHOD_MATCH = YES;
				CODE_SIGN_IDENTITY = "-";
				COPY_PHASE_STRIP = NO;
				DEBUG_INFORMATION_FORMAT = dwarf;
				ENABLE_STRICT_OBJC_MSGSEND = YES;
				ENABLE_TESTABILITY = YES;
				GCC_C_LANGUAGE_STANDARD = gnu99;
				GCC_DYNAMIC_NO_PIC = NO;
				GCC_NO_COMMON_BLOCKS = YES;
				GCC_OPTIMIZATION_LEVEL = 0;
				GCC_PREPROCESSOR_DEFINITIONS = (
					"DEBUG=1",
					"$(inherited)",
				);
				GCC_WARN_64_TO_32_BIT_CONVERSION = YES;
				GCC_WARN_ABOUT_RETURN_TYPE = YES_ERROR;
				GCC_WARN_UNDECLARED_SELECTOR = YES;
				GCC_WARN_UNINITIALIZED_AUTOS = YES_AGGRESSIVE;
				GCC_WARN_UNUSED_FUNCTION = YES;
				GCC_WARN_UNUSED_VARIABLE = YES;
				MACOSX_DEPLOYMENT_TARGET = 10.11;
				MTL_ENABLE_DEBUG_INFO = YES;
				ONLY_ACTIVE_ARCH = YES;
				SDKROOT = macosx;
			};
			name = Debug;
		};
		967359FF1C21601600F68249 /* Release */ = {
			isa = XCBuildConfiguration;
			buildSettings = {
				ALWAYS_SEARCH_USER_PATHS = NO;
				CLANG_CXX_LANGUAGE_STANDARD = "gnu++0x";
				CLANG_CXX_LIBRARY = "libc++";
				CLANG_ENABLE_MODULES = YES;
				CLANG_ENABLE_OBJC_ARC = YES;
				CLANG_WARN_BOOL_CONVERSION = YES;
				CLANG_WARN_CONSTANT_CONVERSION = YES;
				CLANG_WARN_DIRECT_OBJC_ISA_USAGE = YES_ERROR;
				CLANG_WARN_EMPTY_BODY = YES;
				CLANG_WARN_ENUM_CONVERSION = YES;
				CLANG_WARN_INT_CONVERSION = YES;
				CLANG_WARN_OBJC_ROOT_CLASS = YES_ERROR;
				CLANG_WARN_UNREACHABLE_CODE = YES;
				CLANG_WARN__DUPLICATE_METHOD_MATCH = YES;
				CODE_SIGN_IDENTITY = "-";
				COPY_PHASE_STRIP = NO;
				DEBUG_INFORMATION_FORMAT = "dwarf-with-dsym";
				ENABLE_NS_ASSERTIONS = NO;
				ENABLE_STRICT_OBJC_MSGSEND = YES;
				GCC_C_LANGUAGE_STANDARD = gnu99;
				GCC_NO_COMMON_BLOCKS = YES;
				GCC_WARN_64_TO_32_BIT_CONVERSION = YES;
				GCC_WARN_ABOUT_RETURN_TYPE = YES_ERROR;
				GCC_WARN_UNDECLARED_SELECTOR = YES;
				GCC_WARN_UNINITIALIZED_AUTOS = YES_AGGRESSIVE;
				GCC_WARN_UNUSED_FUNCTION = YES;
				GCC_WARN_UNUSED_VARIABLE = YES;
				MACOSX_DEPLOYMENT_TARGET = 10.11;
				MTL_ENABLE_DEBUG_INFO = NO;
				SDKROOT = macosx;
			};
			name = Release;
		};
		96735A011C21601600F68249 /* Debug */ = {
			isa = XCBuildConfiguration;
			buildSettings = {
				PRODUCT_NAME = "$(TARGET_NAME)";
			};
			name = Debug;
		};
		96735A021C21601600F68249 /* Release */ = {
			isa = XCBuildConfiguration;
			buildSettings = {
				PRODUCT_NAME = "$(TARGET_NAME)";
			};
			name = Release;
		};
/* End XCBuildConfiguration section */

/* Begin XCConfigurationList section */
		967359F41C21601600F68249 /* Build configuration list for PBXProject "Maximum_Product_of_Word_Lengths" */ = {
			isa = XCConfigurationList;
			buildConfigurations = (
				967359FE1C21601600F68249 /* Debug */,
				967359FF1C21601600F68249 /* Release */,
			);
			defaultConfigurationIsVisible = 0;
			defaultConfigurationName = Release;
		};
		96735A001C21601600F68249 /* Build configuration list for PBXNativeTarget "Maximum_Product_of_Word_Lengths" */ = {
			isa = XCConfigurationList;
			buildConfigurations = (
				96735A011C21601600F68249 /* Debug */,
				96735A021C21601600F68249 /* Release */,
			);
			defaultConfigurationIsVisible = 0;
		};
/* End XCConfigurationList section */
	};
	rootObject = 967359F11C21601600F68249 /* Project object */;
}
